
Microsoft Visual Studio Solution File, Format Version 12.00
# Visual Studio Version 16
VisualStudioVersion = 16.0.29613.14
MinimumVisualStudioVersion = 10.0.40219.1
Project("{2150E333-8FDC-42A3-9474-1A3956D46DE8}") = "_Libs", "_Libs", "{052AFAF6-318D-4D7F-AAEC-3C8A5667FFBC}"
EndProject
Project("{D954291E-2A0B-460D-934E-DC6B0785DB48}") = "pngcs", "libs\pngcs\pngcs.shproj", "{4F65145F-6F0C-49CD-830A-A51A2A9C5F75}"
EndProject
Project("{2150E333-8FDC-42A3-9474-1A3956D46DE8}") = "AppHosts", "AppHosts", "{5B812C9B-64F7-45FE-8B1F-485028890647}"
EndProject
Project("{FAE04EC0-301F-11D3-BF4B-00C04F79EFBC}") = "SuperMemoAssistant", "src\AppHosts\SuperMemoAssistant\SuperMemoAssistant.csproj", "{C57D9489-0A27-4B18-818C-7CBB379ACFD8}"
	ProjectSection(ProjectDependencies) = postProject
		{D5086D5E-84A6-4C0D-B6F2-D1B82C5FB487} = {D5086D5E-84A6-4C0D-B6F2-D1B82C5FB487}
		{C76CFA78-F820-4F05-9429-4A3A3C9C1414} = {C76CFA78-F820-4F05-9429-4A3A3C9C1414}
		{F8BB6993-B610-40AD-995A-AA5A28FBBBFE} = {F8BB6993-B610-40AD-995A-AA5A28FBBBFE}
		{149C5A9B-0588-41B9-8F77-C5D17A1CDFBE} = {149C5A9B-0588-41B9-8F77-C5D17A1CDFBE}
		{AA97C5AA-CA1A-4988-AE2E-E5A292B63C12} = {AA97C5AA-CA1A-4988-AE2E-E5A292B63C12}
		{FAECF9BB-9FD5-4FB1-A3A8-9F7CAA57A1FE} = {FAECF9BB-9FD5-4FB1-A3A8-9F7CAA57A1FE}
		{CD2988DA-B610-40AD-995A-AA5A28FBBBFE} = {CD2988DA-B610-40AD-995A-AA5A28FBBBFE}
	EndProjectSection
EndProject
Project("{2150E333-8FDC-42A3-9474-1A3956D46DE8}") = "Core", "Core", "{DF29F7E8-943F-4EC9-9EB5-5C4E27BA9AB2}"
EndProject
Project("{FAE04EC0-301F-11D3-BF4B-00C04F79EFBC}") = "SuperMemoAssistant.Core", "src\Core\SuperMemoAssistant.Core\SuperMemoAssistant.Core.csproj", "{7550628D-0630-4A42-B0B7-55D26F981365}"
	ProjectSection(ProjectDependencies) = postProject
		{D5086D5E-84A6-4C0D-B6F2-D1B82C5FB487} = {D5086D5E-84A6-4C0D-B6F2-D1B82C5FB487}
	EndProjectSection
EndProject
Project("{FAE04EC0-301F-11D3-BF4B-00C04F79EFBC}") = "SuperMemoAssistant.Interop", "src\Core\SuperMemoAssistant.Interop\SuperMemoAssistant.Interop.csproj", "{FD0E1BE8-BED3-4AB0-A9C8-022A2DBC8450}"
EndProject
Project("{FAE04EC0-301F-11D3-BF4B-00C04F79EFBC}") = "SuperMemoAssistant.Hooks.InjectLib", "src\Core\SuperMemoAssistant.Hooks.InjectLib\SuperMemoAssistant.Hooks.InjectLib.csproj", "{D5086D5E-84A6-4C0D-B6F2-D1B82C5FB487}"
EndProject
Project("{2150E333-8FDC-42A3-9474-1A3956D46DE8}") = "Plugins", "Plugins", "{943958D2-1308-4317-940F-60CAD3C74AC3}"
EndProject
Project("{FAE04EC0-301F-11D3-BF4B-00C04F79EFBC}") = "SuperMemoAssistant.Plugins.LaTeX", "src\Plugins\SuperMemoAssistant.Plugins.LateX\SuperMemoAssistant.Plugins.LaTeX.csproj", "{CD2988DA-B610-40AD-995A-AA5A28FBBBFE}"
EndProject
Project("{FAE04EC0-301F-11D3-BF4B-00C04F79EFBC}") = "SuperMemoAssistant.Plugins.PDF", "src\Plugins\SuperMemoAssistant.Plugins.PDF\SuperMemoAssistant.Plugins.PDF.csproj", "{FAECF9BB-9FD5-4FB1-A3A8-9F7CAA57A1FE}"
EndProject
Project("{2150E333-8FDC-42A3-9474-1A3956D46DE8}") = "Services", "Services", "{0EAE964B-EECF-45B0-8253-5FC75792D419}"
EndProject
Project("{FAE04EC0-301F-11D3-BF4B-00C04F79EFBC}") = "SuperMemoAssistant.Services.Medias.Images", "src\Services\SuperMemoAssistant.Services.Medias.Images\SuperMemoAssistant.Services.Medias.Images.csproj", "{677647E4-F052-41D0-915A-AD76DA72463E}"
EndProject
Project("{2150E333-8FDC-42A3-9474-1A3956D46DE8}") = "Tests", "Tests", "{AD03930B-2669-40A6-B9E1-F676433684AE}"
EndProject
Project("{FAE04EC0-301F-11D3-BF4B-00C04F79EFBC}") = "SuperMemoAssistant.Tests", "src\Tests\SuperMemoAssistant.Tests\SuperMemoAssistant.Tests.csproj", "{2E3DF5C2-8A38-4A03-86D7-8D463C917E47}"
EndProject
Project("{FAE04EC0-301F-11D3-BF4B-00C04F79EFBC}") = "SuperMemoAssistant.Plugins.MediaPlayer", "src\Plugins\SuperMemoAssistant.Plugins.MediaPlayer\SuperMemoAssistant.Plugins.MediaPlayer.csproj", "{88E22B47-FCF2-489F-B70F-EB0925E8AF87}"
EndProject
Project("{FAE04EC0-301F-11D3-BF4B-00C04F79EFBC}") = "SuperMemoAssistant.Plugins.ImageOcclusion", "src\Plugins\SuperMemoAssistant.Plugins.ImageOcclusion\SuperMemoAssistant.Plugins.ImageOcclusion.csproj", "{F8BB6993-25DF-4173-BB3D-ACEE15C5A2B9}"
EndProject
Project("{8BC9CEB8-8B4A-11D0-8D11-00A0C91BC942}") = "SuperMemoAssistant.Hooks.NativeLib", "src\Core\SuperMemoAssistant.Hooks.NativeLib\SuperMemoAssistant.Hooks.NativeLib.vcxproj", "{FFFE85EF-4719-4F7F-AB5F-A63D2E184BD2}"
EndProject
Project("{FAE04EC0-301F-11D3-BF4B-00C04F79EFBC}") = "Process.NET", "libs\Process.NET\src\Process.NET\Process.NET.csproj", "{501257D3-F788-4A5D-B990-16C01FF71926}"
EndProject
Project("{FAE04EC0-301F-11D3-BF4B-00C04F79EFBC}") = "SuperMemoAssistant.Plugins.Dictionary", "src\Plugins\SuperMemoAssistant.Plugins.Dictionary\SuperMemoAssistant.Plugins.Dictionary.csproj", "{C76CFA78-F820-4F05-9429-4A3A3C9C1414}"
EndProject
Project("{FAE04EC0-301F-11D3-BF4B-00C04F79EFBC}") = "SuperMemoAssistant.Plugins.Dictionary.Interop", "src\Plugins\SuperMemoAssistant.Plugins.Dictionary.Interop\SuperMemoAssistant.Plugins.Dictionary.Interop.csproj", "{AA97C5AA-CA1A-4988-AE2E-E5A292B63C12}"
EndProject
Project("{FAE04EC0-301F-11D3-BF4B-00C04F79EFBC}") = "SuperMemoAssistant.Hooks.Common", "src\Core\SuperMemoAssistant.Hooks.Common\SuperMemoAssistant.Hooks.Common.csproj", "{CC5B9485-9EF1-4133-9242-719D263700AE}"
EndProject
Project("{FAE04EC0-301F-11D3-BF4B-00C04F79EFBC}") = "SuperMemoAssistant.PluginHost", "src\Core\SuperMemoAssistant.PluginHost\SuperMemoAssistant.PluginHost.csproj", "{149C5A9B-0588-41B9-8F77-C5D17A1CDFBE}"
EndProject
Project("{D954291E-2A0B-460D-934E-DC6B0785DB48}") = "SuperMemoAssistant.Interop.Shared", "src\Core\SuperMemoAssistant.Interop.Shared\SuperMemoAssistant.Interop.Shared.shproj", "{D4EFF016-9A16-4560-8E1D-2A33D0DE399F}"
EndProject
Project("{FAE04EC0-301F-11D3-BF4B-00C04F79EFBC}") = "Pdf.WpfPubl", "src\Plugins\SuperMemoAssistant.Plugins.PDF\libs\Patagames.Pdf.Wpf\Pdf.WpfPubl.csproj", "{380A4F46-413D-49B4-884F-21C7683F093C}"
EndProject
Project("{D954291E-2A0B-460D-934E-DC6B0785DB48}") = "SuperMemoAssistant.Services.Sentry", "src\Services\SuperMemoAssistant.Services.Sentry\SuperMemoAssistant.Services.Sentry.shproj", "{77605834-E425-4F69-8B27-DCA82A04EB07}"
EndProject
Project("{D954291E-2A0B-460D-934E-DC6B0785DB48}") = "SuperMemoAssistant.PluginHost.Shared", "src\Core\SuperMemoAssistant.PluginHost.Shared\SuperMemoAssistant.PluginHost.Shared.shproj", "{FE47A14F-9157-4917-82FB-7861A57B1822}"
EndProject
Project("{FAE04EC0-301F-11D3-BF4B-00C04F79EFBC}") = "SuperMemoAssistant.Services.UI", "src\Services\SuperMemoAssistant.Services.UI\SuperMemoAssistant.Services.UI.csproj", "{7F7B4A1F-01E1-440E-89DB-08F7D1D5A128}"
EndProject
Project("{FAE04EC0-301F-11D3-BF4B-00C04F79EFBC}") = "SuperMemoAssistant.Plugins.Import", "src\Plugins\SuperMemoAssistant.Plugins.Import\SuperMemoAssistant.Plugins.Import.csproj", "{F8BB6993-B610-40AD-995A-AA5A28FBBBFE}"
EndProject
Project("{FAE04EC0-301F-11D3-BF4B-00C04F79EFBC}") = "SuperMemoAssistant.Services.HTML", "src\Services\SuperMemoAssistant.Services.HTML\SuperMemoAssistant.Services.HTML.csproj", "{A95DA3C0-54C5-4BB9-84CB-E8B69E712A62}"
EndProject
Project("{FAE04EC0-301F-11D3-BF4B-00C04F79EFBC}") = "SuperMemoAssistant.Plugins.Template", "src\Plugins\SuperMemoAssistant.Plugins.Template\SuperMemoAssistant.Plugins.Template.csproj", "{CD1238DA-B610-40AD-995A-AA5A28FBBBFE}"
EndProject
Project("{2150E333-8FDC-42A3-9474-1A3956D46DE8}") = "Solution Items", "Solution Items", "{AC925E57-BDB9-48E8-B493-8BB02C80B562}"
	ProjectSection(SolutionItems) = preProject
		.editorconfig = .editorconfig
	EndProjectSection
EndProject
Project("{FAE04EC0-301F-11D3-BF4B-00C04F79EFBC}") = "SuperMemoAssistant.Plugins.Import.BrowserNativeHost", "src\Plugins\SuperMemoAssistant.Plugins.Import\libs\SuperMemoAssistant.Plugins.Import.BrowserNativeHost\SuperMemoAssistant.Plugins.Import.BrowserNativeHost.csproj", "{390A9FF0-4B34-4869-AF15-7EF7960D5D56}"
EndProject
Project("{FAE04EC0-301F-11D3-BF4B-00C04F79EFBC}") = "SuperMemoAssistant.Plugins.Import.Interop", "src\Plugins\SuperMemoAssistant.Plugins.Import\libs\SuperMemoAssistant.Plugins.Import.Interop\SuperMemoAssistant.Plugins.Import.Interop.csproj", "{1B4B5809-4108-4C73-B3FB-3A7609D97704}"
EndProject
Global
	GlobalSection(SharedMSBuildProjectFiles) = preSolution
		src\Core\SuperMemoAssistant.Interop.Shared\SuperMemoAssistant.Interop.Shared.projitems*{149c5a9b-0588-41b9-8f77-c5d17a1cdfbe}*SharedItemsImports = 4
		src\Core\SuperMemoAssistant.PluginHost.Shared\SuperMemoAssistant.PluginHost.Shared.projitems*{149c5a9b-0588-41b9-8f77-c5d17a1cdfbe}*SharedItemsImports = 4
		src\Services\SuperMemoAssistant.Services.Sentry\SuperMemoAssistant.Services.Sentry.projitems*{390a9ff0-4b34-4869-af15-7ef7960d5d56}*SharedItemsImports = 4
		libs\pngcs\pngcs.projitems*{4f65145f-6f0c-49cd-830a-a51a2a9c5f75}*SharedItemsImports = 13
		libs\pngcs\pngcs.projitems*{677647e4-f052-41d0-915a-ad76da72463e}*SharedItemsImports = 4
		src\Core\SuperMemoAssistant.PluginHost.Shared\SuperMemoAssistant.PluginHost.Shared.projitems*{7550628d-0630-4a42-b0b7-55d26f981365}*SharedItemsImports = 4
		src\Services\SuperMemoAssistant.Services.Sentry\SuperMemoAssistant.Services.Sentry.projitems*{77605834-e425-4f69-8b27-dca82a04eb07}*SharedItemsImports = 13
		src\Services\SuperMemoAssistant.Services.Sentry\SuperMemoAssistant.Services.Sentry.projitems*{c57d9489-0a27-4b18-818c-7cbb379acfd8}*SharedItemsImports = 4
		src\Services\SuperMemoAssistant.Services.Sentry\SuperMemoAssistant.Services.Sentry.projitems*{c76cfa78-f820-4f05-9429-4a3a3c9c1414}*SharedItemsImports = 4
		src\Services\SuperMemoAssistant.Services.Sentry\SuperMemoAssistant.Services.Sentry.projitems*{cd1238da-b610-40ad-995a-aa5a28fbbbfe}*SharedItemsImports = 4
		src\Services\SuperMemoAssistant.Services.Sentry\SuperMemoAssistant.Services.Sentry.projitems*{cd2988da-b610-40ad-995a-aa5a28fbbbfe}*SharedItemsImports = 4
		src\Core\SuperMemoAssistant.Interop.Shared\SuperMemoAssistant.Interop.Shared.projitems*{d4eff016-9a16-4560-8e1d-2a33d0de399f}*SharedItemsImports = 13
		src\Core\SuperMemoAssistant.Interop.Shared\SuperMemoAssistant.Interop.Shared.projitems*{d5086d5e-84a6-4c0d-b6f2-d1b82c5fb487}*SharedItemsImports = 4
		src\Services\SuperMemoAssistant.Services.Sentry\SuperMemoAssistant.Services.Sentry.projitems*{f8bb6993-25df-4173-bb3d-acee15c5a2b9}*SharedItemsImports = 4
		src\Services\SuperMemoAssistant.Services.Sentry\SuperMemoAssistant.Services.Sentry.projitems*{f8bb6993-b610-40ad-995a-aa5a28fbbbfe}*SharedItemsImports = 4
		src\Services\SuperMemoAssistant.Services.Sentry\SuperMemoAssistant.Services.Sentry.projitems*{faecf9bb-9fd5-4fb1-a3a8-9f7caa57a1fe}*SharedItemsImports = 4
		src\Core\SuperMemoAssistant.Interop.Shared\SuperMemoAssistant.Interop.Shared.projitems*{fd0e1be8-bed3-4ab0-a9c8-022a2dbc8450}*SharedItemsImports = 4
		src\Core\SuperMemoAssistant.PluginHost.Shared\SuperMemoAssistant.PluginHost.Shared.projitems*{fe47a14f-9157-4917-82fb-7861a57b1822}*SharedItemsImports = 13
	EndGlobalSection
	GlobalSection(SolutionConfigurationPlatforms) = preSolution
		Debug|Any CPU = Debug|Any CPU
		Debug|x86 = Debug|x86
		Debug-InProd|Any CPU = Debug-InProd|Any CPU
		Debug-InProd|x86 = Debug-InProd|x86
		Release|Any CPU = Release|Any CPU
		Release|x86 = Release|x86
	EndGlobalSection
	GlobalSection(ProjectConfigurationPlatforms) = postSolution
		{C57D9489-0A27-4B18-818C-7CBB379ACFD8}.Debug|Any CPU.ActiveCfg = Debug|x86
		{C57D9489-0A27-4B18-818C-7CBB379ACFD8}.Debug|x86.ActiveCfg = Debug|x86
		{C57D9489-0A27-4B18-818C-7CBB379ACFD8}.Debug|x86.Build.0 = Debug|x86
		{C57D9489-0A27-4B18-818C-7CBB379ACFD8}.Debug-InProd|Any CPU.ActiveCfg = Debug-InProd|x86
		{C57D9489-0A27-4B18-818C-7CBB379ACFD8}.Debug-InProd|x86.ActiveCfg = Debug-InProd|x86
		{C57D9489-0A27-4B18-818C-7CBB379ACFD8}.Debug-InProd|x86.Build.0 = Debug-InProd|x86
		{C57D9489-0A27-4B18-818C-7CBB379ACFD8}.Release|Any CPU.ActiveCfg = Release|x86
		{C57D9489-0A27-4B18-818C-7CBB379ACFD8}.Release|x86.ActiveCfg = Release|x86
		{C57D9489-0A27-4B18-818C-7CBB379ACFD8}.Release|x86.Build.0 = Release|x86
		{7550628D-0630-4A42-B0B7-55D26F981365}.Debug|Any CPU.ActiveCfg = Debug|x86
		{7550628D-0630-4A42-B0B7-55D26F981365}.Debug|x86.ActiveCfg = Debug|x86
		{7550628D-0630-4A42-B0B7-55D26F981365}.Debug|x86.Build.0 = Debug|x86
		{7550628D-0630-4A42-B0B7-55D26F981365}.Debug-InProd|Any CPU.ActiveCfg = Debug-InProd|x86
		{7550628D-0630-4A42-B0B7-55D26F981365}.Debug-InProd|x86.ActiveCfg = Debug-InProd|x86
		{7550628D-0630-4A42-B0B7-55D26F981365}.Debug-InProd|x86.Build.0 = Debug-InProd|x86
		{7550628D-0630-4A42-B0B7-55D26F981365}.Release|Any CPU.ActiveCfg = Release|x86
		{7550628D-0630-4A42-B0B7-55D26F981365}.Release|x86.ActiveCfg = Release|x86
		{7550628D-0630-4A42-B0B7-55D26F981365}.Release|x86.Build.0 = Release|x86
		{FD0E1BE8-BED3-4AB0-A9C8-022A2DBC8450}.Debug|Any CPU.ActiveCfg = Debug|x86
		{FD0E1BE8-BED3-4AB0-A9C8-022A2DBC8450}.Debug|x86.ActiveCfg = Debug|x86
		{FD0E1BE8-BED3-4AB0-A9C8-022A2DBC8450}.Debug|x86.Build.0 = Debug|x86
		{FD0E1BE8-BED3-4AB0-A9C8-022A2DBC8450}.Debug-InProd|Any CPU.ActiveCfg = Debug-InProd|x86
		{FD0E1BE8-BED3-4AB0-A9C8-022A2DBC8450}.Debug-InProd|x86.ActiveCfg = Debug-InProd|x86
		{FD0E1BE8-BED3-4AB0-A9C8-022A2DBC8450}.Debug-InProd|x86.Build.0 = Debug-InProd|x86
		{FD0E1BE8-BED3-4AB0-A9C8-022A2DBC8450}.Release|Any CPU.ActiveCfg = Release|x86
		{FD0E1BE8-BED3-4AB0-A9C8-022A2DBC8450}.Release|x86.ActiveCfg = Release|x86
		{FD0E1BE8-BED3-4AB0-A9C8-022A2DBC8450}.Release|x86.Build.0 = Release|x86
		{D5086D5E-84A6-4C0D-B6F2-D1B82C5FB487}.Debug|Any CPU.ActiveCfg = Debug|x86
		{D5086D5E-84A6-4C0D-B6F2-D1B82C5FB487}.Debug|x86.ActiveCfg = Debug|x86
		{D5086D5E-84A6-4C0D-B6F2-D1B82C5FB487}.Debug|x86.Build.0 = Debug|x86
		{D5086D5E-84A6-4C0D-B6F2-D1B82C5FB487}.Debug-InProd|Any CPU.ActiveCfg = Debug-InProd|x86
		{D5086D5E-84A6-4C0D-B6F2-D1B82C5FB487}.Debug-InProd|x86.ActiveCfg = Debug-InProd|x86
		{D5086D5E-84A6-4C0D-B6F2-D1B82C5FB487}.Debug-InProd|x86.Build.0 = Debug-InProd|x86
		{D5086D5E-84A6-4C0D-B6F2-D1B82C5FB487}.Release|Any CPU.ActiveCfg = Release|x86
		{D5086D5E-84A6-4C0D-B6F2-D1B82C5FB487}.Release|x86.ActiveCfg = Release|x86
		{D5086D5E-84A6-4C0D-B6F2-D1B82C5FB487}.Release|x86.Build.0 = Release|x86
		{CD2988DA-B610-40AD-995A-AA5A28FBBBFE}.Debug|Any CPU.ActiveCfg = Debug|x86
		{CD2988DA-B610-40AD-995A-AA5A28FBBBFE}.Debug|x86.ActiveCfg = Debug|x86
		{CD2988DA-B610-40AD-995A-AA5A28FBBBFE}.Debug|x86.Build.0 = Debug|x86
		{CD2988DA-B610-40AD-995A-AA5A28FBBBFE}.Debug-InProd|Any CPU.ActiveCfg = Debug-InProd|x86
		{CD2988DA-B610-40AD-995A-AA5A28FBBBFE}.Debug-InProd|x86.ActiveCfg = Debug-InProd|x86
		{CD2988DA-B610-40AD-995A-AA5A28FBBBFE}.Debug-InProd|x86.Build.0 = Debug-InProd|x86
		{CD2988DA-B610-40AD-995A-AA5A28FBBBFE}.Release|Any CPU.ActiveCfg = Release|x86
		{CD2988DA-B610-40AD-995A-AA5A28FBBBFE}.Release|x86.ActiveCfg = Release|x86
		{CD2988DA-B610-40AD-995A-AA5A28FBBBFE}.Release|x86.Build.0 = Release|x86
		{FAECF9BB-9FD5-4FB1-A3A8-9F7CAA57A1FE}.Debug|Any CPU.ActiveCfg = Debug|x86
		{FAECF9BB-9FD5-4FB1-A3A8-9F7CAA57A1FE}.Debug|x86.ActiveCfg = Debug|x86
		{FAECF9BB-9FD5-4FB1-A3A8-9F7CAA57A1FE}.Debug|x86.Build.0 = Debug|x86
		{FAECF9BB-9FD5-4FB1-A3A8-9F7CAA57A1FE}.Debug-InProd|Any CPU.ActiveCfg = Debug-InProd|x86
		{FAECF9BB-9FD5-4FB1-A3A8-9F7CAA57A1FE}.Debug-InProd|x86.ActiveCfg = Debug-InProd|x86
		{FAECF9BB-9FD5-4FB1-A3A8-9F7CAA57A1FE}.Debug-InProd|x86.Build.0 = Debug-InProd|x86
		{FAECF9BB-9FD5-4FB1-A3A8-9F7CAA57A1FE}.Release|Any CPU.ActiveCfg = Release|x86
		{FAECF9BB-9FD5-4FB1-A3A8-9F7CAA57A1FE}.Release|x86.ActiveCfg = Release|x86
		{FAECF9BB-9FD5-4FB1-A3A8-9F7CAA57A1FE}.Release|x86.Build.0 = Release|x86
		{677647E4-F052-41D0-915A-AD76DA72463E}.Debug|Any CPU.ActiveCfg = Debug|x86
		{677647E4-F052-41D0-915A-AD76DA72463E}.Debug|x86.ActiveCfg = Debug|x86
		{677647E4-F052-41D0-915A-AD76DA72463E}.Debug|x86.Build.0 = Debug|x86
		{677647E4-F052-41D0-915A-AD76DA72463E}.Debug-InProd|Any CPU.ActiveCfg = Debug-InProd|x86
		{677647E4-F052-41D0-915A-AD76DA72463E}.Debug-InProd|x86.ActiveCfg = Debug-InProd|x86
		{677647E4-F052-41D0-915A-AD76DA72463E}.Debug-InProd|x86.Build.0 = Debug-InProd|x86
		{677647E4-F052-41D0-915A-AD76DA72463E}.Release|Any CPU.ActiveCfg = Release|x86
		{677647E4-F052-41D0-915A-AD76DA72463E}.Release|x86.ActiveCfg = Release|x86
		{677647E4-F052-41D0-915A-AD76DA72463E}.Release|x86.Build.0 = Release|x86
		{2E3DF5C2-8A38-4A03-86D7-8D463C917E47}.Debug|Any CPU.ActiveCfg = Debug|x86
		{2E3DF5C2-8A38-4A03-86D7-8D463C917E47}.Debug|x86.ActiveCfg = Debug|x86
		{2E3DF5C2-8A38-4A03-86D7-8D463C917E47}.Debug|x86.Build.0 = Debug|x86
		{2E3DF5C2-8A38-4A03-86D7-8D463C917E47}.Debug-InProd|Any CPU.ActiveCfg = Release|x86
		{2E3DF5C2-8A38-4A03-86D7-8D463C917E47}.Debug-InProd|Any CPU.Build.0 = Release|x86
		{2E3DF5C2-8A38-4A03-86D7-8D463C917E47}.Debug-InProd|x86.ActiveCfg = Debug|x86
		{2E3DF5C2-8A38-4A03-86D7-8D463C917E47}.Release|Any CPU.ActiveCfg = Release|x86
		{2E3DF5C2-8A38-4A03-86D7-8D463C917E47}.Release|x86.ActiveCfg = Release|x86
		{2E3DF5C2-8A38-4A03-86D7-8D463C917E47}.Release|x86.Build.0 = Release|x86
		{88E22B47-FCF2-489F-B70F-EB0925E8AF87}.Debug|Any CPU.ActiveCfg = Debug|x86
		{88E22B47-FCF2-489F-B70F-EB0925E8AF87}.Debug|x86.ActiveCfg = Debug|x86
		{88E22B47-FCF2-489F-B70F-EB0925E8AF87}.Debug|x86.Build.0 = Debug|x86
		{88E22B47-FCF2-489F-B70F-EB0925E8AF87}.Debug-InProd|Any CPU.ActiveCfg = Debug-InProd|x86
		{88E22B47-FCF2-489F-B70F-EB0925E8AF87}.Debug-InProd|x86.ActiveCfg = Debug-InProd|x86
		{88E22B47-FCF2-489F-B70F-EB0925E8AF87}.Debug-InProd|x86.Build.0 = Debug-InProd|x86
		{88E22B47-FCF2-489F-B70F-EB0925E8AF87}.Release|Any CPU.ActiveCfg = Release|x86
		{88E22B47-FCF2-489F-B70F-EB0925E8AF87}.Release|x86.ActiveCfg = Release|x86
		{88E22B47-FCF2-489F-B70F-EB0925E8AF87}.Release|x86.Build.0 = Release|x86
		{F8BB6993-25DF-4173-BB3D-ACEE15C5A2B9}.Debug|Any CPU.ActiveCfg = Debug|x86
		{F8BB6993-25DF-4173-BB3D-ACEE15C5A2B9}.Debug|x86.ActiveCfg = Debug|x86
		{F8BB6993-25DF-4173-BB3D-ACEE15C5A2B9}.Debug|x86.Build.0 = Debug|x86
		{F8BB6993-25DF-4173-BB3D-ACEE15C5A2B9}.Debug-InProd|Any CPU.ActiveCfg = Debug-InProd|x86
		{F8BB6993-25DF-4173-BB3D-ACEE15C5A2B9}.Debug-InProd|x86.ActiveCfg = Debug-InProd|x86
		{F8BB6993-25DF-4173-BB3D-ACEE15C5A2B9}.Debug-InProd|x86.Build.0 = Debug-InProd|x86
		{F8BB6993-25DF-4173-BB3D-ACEE15C5A2B9}.Release|Any CPU.ActiveCfg = Release|x86
		{F8BB6993-25DF-4173-BB3D-ACEE15C5A2B9}.Release|x86.ActiveCfg = Release|x86
		{F8BB6993-25DF-4173-BB3D-ACEE15C5A2B9}.Release|x86.Build.0 = Release|x86
		{FFFE85EF-4719-4F7F-AB5F-A63D2E184BD2}.Debug|Any CPU.ActiveCfg = Debug|Win32
		{FFFE85EF-4719-4F7F-AB5F-A63D2E184BD2}.Debug|x86.ActiveCfg = Release|Win32
		{FFFE85EF-4719-4F7F-AB5F-A63D2E184BD2}.Debug|x86.Build.0 = Release|Win32
		{FFFE85EF-4719-4F7F-AB5F-A63D2E184BD2}.Debug-InProd|Any CPU.ActiveCfg = Debug-InProd|Win32
		{FFFE85EF-4719-4F7F-AB5F-A63D2E184BD2}.Debug-InProd|x86.ActiveCfg = Release|Win32
		{FFFE85EF-4719-4F7F-AB5F-A63D2E184BD2}.Debug-InProd|x86.Build.0 = Release|Win32
		{FFFE85EF-4719-4F7F-AB5F-A63D2E184BD2}.Release|Any CPU.ActiveCfg = Release|Win32
		{FFFE85EF-4719-4F7F-AB5F-A63D2E184BD2}.Release|x86.ActiveCfg = Release|Win32
		{FFFE85EF-4719-4F7F-AB5F-A63D2E184BD2}.Release|x86.Build.0 = Release|Win32
		{501257D3-F788-4A5D-B990-16C01FF71926}.Debug|Any CPU.ActiveCfg = Debug|Any CPU
		{501257D3-F788-4A5D-B990-16C01FF71926}.Debug|Any CPU.Build.0 = Debug|Any CPU
		{501257D3-F788-4A5D-B990-16C01FF71926}.Debug|x86.ActiveCfg = Debug|x86
		{501257D3-F788-4A5D-B990-16C01FF71926}.Debug|x86.Build.0 = Debug|x86
		{501257D3-F788-4A5D-B990-16C01FF71926}.Debug-InProd|Any CPU.ActiveCfg = Debug-InProd|Any CPU
		{501257D3-F788-4A5D-B990-16C01FF71926}.Debug-InProd|Any CPU.Build.0 = Debug-InProd|Any CPU
		{501257D3-F788-4A5D-B990-16C01FF71926}.Debug-InProd|x86.ActiveCfg = Debug-InProd|x86
		{501257D3-F788-4A5D-B990-16C01FF71926}.Debug-InProd|x86.Build.0 = Debug-InProd|x86
		{501257D3-F788-4A5D-B990-16C01FF71926}.Release|Any CPU.ActiveCfg = Release|Any CPU
		{501257D3-F788-4A5D-B990-16C01FF71926}.Release|Any CPU.Build.0 = Release|Any CPU
		{501257D3-F788-4A5D-B990-16C01FF71926}.Release|x86.ActiveCfg = Release|x86
		{501257D3-F788-4A5D-B990-16C01FF71926}.Release|x86.Build.0 = Release|x86
		{C76CFA78-F820-4F05-9429-4A3A3C9C1414}.Debug|Any CPU.ActiveCfg = Debug|x86
		{C76CFA78-F820-4F05-9429-4A3A3C9C1414}.Debug|x86.ActiveCfg = Debug|x86
		{C76CFA78-F820-4F05-9429-4A3A3C9C1414}.Debug|x86.Build.0 = Debug|x86
		{C76CFA78-F820-4F05-9429-4A3A3C9C1414}.Debug-InProd|Any CPU.ActiveCfg = Debug-InProd|x86
		{C76CFA78-F820-4F05-9429-4A3A3C9C1414}.Debug-InProd|x86.ActiveCfg = Debug-InProd|x86
		{C76CFA78-F820-4F05-9429-4A3A3C9C1414}.Debug-InProd|x86.Build.0 = Debug-InProd|x86
		{C76CFA78-F820-4F05-9429-4A3A3C9C1414}.Release|Any CPU.ActiveCfg = Release|x86
		{C76CFA78-F820-4F05-9429-4A3A3C9C1414}.Release|x86.ActiveCfg = Release|x86
		{C76CFA78-F820-4F05-9429-4A3A3C9C1414}.Release|x86.Build.0 = Release|x86
		{AA97C5AA-CA1A-4988-AE2E-E5A292B63C12}.Debug|Any CPU.ActiveCfg = Debug|x86
		{AA97C5AA-CA1A-4988-AE2E-E5A292B63C12}.Debug|x86.ActiveCfg = Debug|x86
		{AA97C5AA-CA1A-4988-AE2E-E5A292B63C12}.Debug|x86.Build.0 = Debug|x86
		{AA97C5AA-CA1A-4988-AE2E-E5A292B63C12}.Debug-InProd|Any CPU.ActiveCfg = Debug-InProd|x86
		{AA97C5AA-CA1A-4988-AE2E-E5A292B63C12}.Debug-InProd|x86.ActiveCfg = Debug-InProd|x86
		{AA97C5AA-CA1A-4988-AE2E-E5A292B63C12}.Debug-InProd|x86.Build.0 = Debug-InProd|x86
		{AA97C5AA-CA1A-4988-AE2E-E5A292B63C12}.Release|Any CPU.ActiveCfg = Release|x86
		{AA97C5AA-CA1A-4988-AE2E-E5A292B63C12}.Release|x86.ActiveCfg = Release|x86
		{AA97C5AA-CA1A-4988-AE2E-E5A292B63C12}.Release|x86.Build.0 = Release|x86
		{CC5B9485-9EF1-4133-9242-719D263700AE}.Debug|Any CPU.ActiveCfg = Debug|x86
		{CC5B9485-9EF1-4133-9242-719D263700AE}.Debug|x86.ActiveCfg = Debug|x86
		{CC5B9485-9EF1-4133-9242-719D263700AE}.Debug|x86.Build.0 = Debug|x86
		{CC5B9485-9EF1-4133-9242-719D263700AE}.Debug-InProd|Any CPU.ActiveCfg = Debug-InProd|x86
		{CC5B9485-9EF1-4133-9242-719D263700AE}.Debug-InProd|x86.ActiveCfg = Debug-InProd|x86
		{CC5B9485-9EF1-4133-9242-719D263700AE}.Debug-InProd|x86.Build.0 = Debug-InProd|x86
		{CC5B9485-9EF1-4133-9242-719D263700AE}.Release|Any CPU.ActiveCfg = Release|x86
		{CC5B9485-9EF1-4133-9242-719D263700AE}.Release|x86.ActiveCfg = Release|x86
		{CC5B9485-9EF1-4133-9242-719D263700AE}.Release|x86.Build.0 = Release|x86
		{149C5A9B-0588-41B9-8F77-C5D17A1CDFBE}.Debug|Any CPU.ActiveCfg = Debug|x86
		{149C5A9B-0588-41B9-8F77-C5D17A1CDFBE}.Debug|x86.ActiveCfg = Debug|x86
		{149C5A9B-0588-41B9-8F77-C5D17A1CDFBE}.Debug|x86.Build.0 = Debug|x86
		{149C5A9B-0588-41B9-8F77-C5D17A1CDFBE}.Debug-InProd|Any CPU.ActiveCfg = Debug-InProd|x86
		{149C5A9B-0588-41B9-8F77-C5D17A1CDFBE}.Debug-InProd|x86.ActiveCfg = Debug-InProd|x86
		{149C5A9B-0588-41B9-8F77-C5D17A1CDFBE}.Debug-InProd|x86.Build.0 = Debug-InProd|x86
		{149C5A9B-0588-41B9-8F77-C5D17A1CDFBE}.Release|Any CPU.ActiveCfg = Release|x86
		{149C5A9B-0588-41B9-8F77-C5D17A1CDFBE}.Release|x86.ActiveCfg = Release|x86
		{149C5A9B-0588-41B9-8F77-C5D17A1CDFBE}.Release|x86.Build.0 = Release|x86
		{380A4F46-413D-49B4-884F-21C7683F093C}.Debug|Any CPU.ActiveCfg = Debug|x86
		{380A4F46-413D-49B4-884F-21C7683F093C}.Debug|x86.ActiveCfg = Debug|x86
		{380A4F46-413D-49B4-884F-21C7683F093C}.Debug|x86.Build.0 = Debug|x86
		{380A4F46-413D-49B4-884F-21C7683F093C}.Debug-InProd|Any CPU.ActiveCfg = Debug-InProd|x86
		{380A4F46-413D-49B4-884F-21C7683F093C}.Debug-InProd|x86.ActiveCfg = Debug-InProd|x86
		{380A4F46-413D-49B4-884F-21C7683F093C}.Debug-InProd|x86.Build.0 = Debug-InProd|x86
		{380A4F46-413D-49B4-884F-21C7683F093C}.Release|Any CPU.ActiveCfg = Release|x86
		{380A4F46-413D-49B4-884F-21C7683F093C}.Release|x86.ActiveCfg = Release|x86
		{380A4F46-413D-49B4-884F-21C7683F093C}.Release|x86.Build.0 = Release|x86
		{7F7B4A1F-01E1-440E-89DB-08F7D1D5A128}.Debug|Any CPU.ActiveCfg = Debug|x86
		{7F7B4A1F-01E1-440E-89DB-08F7D1D5A128}.Debug|x86.ActiveCfg = Debug|x86
		{7F7B4A1F-01E1-440E-89DB-08F7D1D5A128}.Debug|x86.Build.0 = Debug|x86
		{7F7B4A1F-01E1-440E-89DB-08F7D1D5A128}.Debug-InProd|Any CPU.ActiveCfg = Debug-InProd|x86
		{7F7B4A1F-01E1-440E-89DB-08F7D1D5A128}.Debug-InProd|x86.ActiveCfg = Debug-InProd|x86
		{7F7B4A1F-01E1-440E-89DB-08F7D1D5A128}.Debug-InProd|x86.Build.0 = Debug-InProd|x86
		{7F7B4A1F-01E1-440E-89DB-08F7D1D5A128}.Release|Any CPU.ActiveCfg = Release|x86
		{7F7B4A1F-01E1-440E-89DB-08F7D1D5A128}.Release|x86.ActiveCfg = Release|x86
		{7F7B4A1F-01E1-440E-89DB-08F7D1D5A128}.Release|x86.Build.0 = Release|x86
		{F8BB6993-B610-40AD-995A-AA5A28FBBBFE}.Debug|Any CPU.ActiveCfg = Debug|x86
		{F8BB6993-B610-40AD-995A-AA5A28FBBBFE}.Debug|x86.ActiveCfg = Debug|x86
		{F8BB6993-B610-40AD-995A-AA5A28FBBBFE}.Debug|x86.Build.0 = Debug|x86
		{F8BB6993-B610-40AD-995A-AA5A28FBBBFE}.Debug-InProd|Any CPU.ActiveCfg = Debug-InProd|x86
		{F8BB6993-B610-40AD-995A-AA5A28FBBBFE}.Debug-InProd|x86.ActiveCfg = Debug-InProd|x86
		{F8BB6993-B610-40AD-995A-AA5A28FBBBFE}.Debug-InProd|x86.Build.0 = Debug-InProd|x86
		{F8BB6993-B610-40AD-995A-AA5A28FBBBFE}.Release|Any CPU.ActiveCfg = Release|x86
		{F8BB6993-B610-40AD-995A-AA5A28FBBBFE}.Release|x86.ActiveCfg = Release|x86
		{F8BB6993-B610-40AD-995A-AA5A28FBBBFE}.Release|x86.Build.0 = Release|x86
		{A95DA3C0-54C5-4BB9-84CB-E8B69E712A62}.Debug|Any CPU.ActiveCfg = Debug|x86
		{A95DA3C0-54C5-4BB9-84CB-E8B69E712A62}.Debug|x86.ActiveCfg = Debug|x86
		{A95DA3C0-54C5-4BB9-84CB-E8B69E712A62}.Debug|x86.Build.0 = Debug|x86
		{A95DA3C0-54C5-4BB9-84CB-E8B69E712A62}.Debug-InProd|Any CPU.ActiveCfg = Debug-InProd|x86
		{A95DA3C0-54C5-4BB9-84CB-E8B69E712A62}.Debug-InProd|x86.ActiveCfg = Debug-InProd|x86
		{A95DA3C0-54C5-4BB9-84CB-E8B69E712A62}.Debug-InProd|x86.Build.0 = Debug-InProd|x86
		{A95DA3C0-54C5-4BB9-84CB-E8B69E712A62}.Release|Any CPU.ActiveCfg = Release|x86
		{A95DA3C0-54C5-4BB9-84CB-E8B69E712A62}.Release|x86.ActiveCfg = Release|x86
		{A95DA3C0-54C5-4BB9-84CB-E8B69E712A62}.Release|x86.Build.0 = Release|x86
		{CD1238DA-B610-40AD-995A-AA5A28FBBBFE}.Debug|Any CPU.ActiveCfg = Debug|x86
		{CD1238DA-B610-40AD-995A-AA5A28FBBBFE}.Debug|x86.ActiveCfg = Debug|x86
		{CD1238DA-B610-40AD-995A-AA5A28FBBBFE}.Debug|x86.Build.0 = Debug|x86
		{CD1238DA-B610-40AD-995A-AA5A28FBBBFE}.Debug-InProd|Any CPU.ActiveCfg = Debug-InProd|x86
		{CD1238DA-B610-40AD-995A-AA5A28FBBBFE}.Debug-InProd|x86.ActiveCfg = Debug-InProd|x86
		{CD1238DA-B610-40AD-995A-AA5A28FBBBFE}.Debug-InProd|x86.Build.0 = Debug-InProd|x86
		{CD1238DA-B610-40AD-995A-AA5A28FBBBFE}.Release|Any CPU.ActiveCfg = Release|x86
		{CD1238DA-B610-40AD-995A-AA5A28FBBBFE}.Release|x86.ActiveCfg = Release|x86
		{CD1238DA-B610-40AD-995A-AA5A28FBBBFE}.Release|x86.Build.0 = Release|x86
		{390A9FF0-4B34-4869-AF15-7EF7960D5D56}.Debug|Any CPU.ActiveCfg = Debug|x86
		{390A9FF0-4B34-4869-AF15-7EF7960D5D56}.Debug|x86.ActiveCfg = Debug|x86
		{390A9FF0-4B34-4869-AF15-7EF7960D5D56}.Debug|x86.Build.0 = Debug|x86
		{390A9FF0-4B34-4869-AF15-7EF7960D5D56}.Debug-InProd|Any CPU.ActiveCfg = Release|x86
		{390A9FF0-4B34-4869-AF15-7EF7960D5D56}.Debug-InProd|Any CPU.Build.0 = Release|x86
		{390A9FF0-4B34-4869-AF15-7EF7960D5D56}.Debug-InProd|x86.ActiveCfg = Debug|x86
		{390A9FF0-4B34-4869-AF15-7EF7960D5D56}.Debug-InProd|x86.Build.0 = Debug|x86
		{390A9FF0-4B34-4869-AF15-7EF7960D5D56}.Release|Any CPU.ActiveCfg = Release|x86
		{390A9FF0-4B34-4869-AF15-7EF7960D5D56}.Release|x86.ActiveCfg = Release|x86
		{390A9FF0-4B34-4869-AF15-7EF7960D5D56}.Release|x86.Build.0 = Release|x86
		{1B4B5809-4108-4C73-B3FB-3A7609D97704}.Debug|Any CPU.ActiveCfg = Debug|x86
		{1B4B5809-4108-4C73-B3FB-3A7609D97704}.Debug|x86.ActiveCfg = Debug|x86
		{1B4B5809-4108-4C73-B3FB-3A7609D97704}.Debug|x86.Build.0 = Debug|x86
		{1B4B5809-4108-4C73-B3FB-3A7609D97704}.Debug-InProd|Any CPU.ActiveCfg = Release|x86
		{1B4B5809-4108-4C73-B3FB-3A7609D97704}.Debug-InProd|Any CPU.Build.0 = Release|x86
		{1B4B5809-4108-4C73-B3FB-3A7609D97704}.Debug-InProd|x86.ActiveCfg = Debug|x86
		{1B4B5809-4108-4C73-B3FB-3A7609D97704}.Debug-InProd|x86.Build.0 = Debug|x86
		{1B4B5809-4108-4C73-B3FB-3A7609D97704}.Release|Any CPU.ActiveCfg = Release|x86
		{1B4B5809-4108-4C73-B3FB-3A7609D97704}.Release|x86.ActiveCfg = Release|x86
		{1B4B5809-4108-4C73-B3FB-3A7609D97704}.Release|x86.Build.0 = Release|x86
	EndGlobalSection
	GlobalSection(SolutionProperties) = preSolution
		HideSolutionNode = FALSE
	EndGlobalSection
	GlobalSection(NestedProjects) = preSolution
		{4F65145F-6F0C-49CD-830A-A51A2A9C5F75} = {052AFAF6-318D-4D7F-AAEC-3C8A5667FFBC}
		{C57D9489-0A27-4B18-818C-7CBB379ACFD8} = {5B812C9B-64F7-45FE-8B1F-485028890647}
		{7550628D-0630-4A42-B0B7-55D26F981365} = {DF29F7E8-943F-4EC9-9EB5-5C4E27BA9AB2}
		{FD0E1BE8-BED3-4AB0-A9C8-022A2DBC8450} = {DF29F7E8-943F-4EC9-9EB5-5C4E27BA9AB2}
		{D5086D5E-84A6-4C0D-B6F2-D1B82C5FB487} = {DF29F7E8-943F-4EC9-9EB5-5C4E27BA9AB2}
		{CD2988DA-B610-40AD-995A-AA5A28FBBBFE} = {943958D2-1308-4317-940F-60CAD3C74AC3}
		{FAECF9BB-9FD5-4FB1-A3A8-9F7CAA57A1FE} = {943958D2-1308-4317-940F-60CAD3C74AC3}
		{677647E4-F052-41D0-915A-AD76DA72463E} = {0EAE964B-EECF-45B0-8253-5FC75792D419}
		{2E3DF5C2-8A38-4A03-86D7-8D463C917E47} = {AD03930B-2669-40A6-B9E1-F676433684AE}
		{88E22B47-FCF2-489F-B70F-EB0925E8AF87} = {943958D2-1308-4317-940F-60CAD3C74AC3}
		{F8BB6993-25DF-4173-BB3D-ACEE15C5A2B9} = {943958D2-1308-4317-940F-60CAD3C74AC3}
		{FFFE85EF-4719-4F7F-AB5F-A63D2E184BD2} = {DF29F7E8-943F-4EC9-9EB5-5C4E27BA9AB2}
		{501257D3-F788-4A5D-B990-16C01FF71926} = {052AFAF6-318D-4D7F-AAEC-3C8A5667FFBC}
		{C76CFA78-F820-4F05-9429-4A3A3C9C1414} = {943958D2-1308-4317-940F-60CAD3C74AC3}
		{AA97C5AA-CA1A-4988-AE2E-E5A292B63C12} = {943958D2-1308-4317-940F-60CAD3C74AC3}
		{CC5B9485-9EF1-4133-9242-719D263700AE} = {DF29F7E8-943F-4EC9-9EB5-5C4E27BA9AB2}
		{149C5A9B-0588-41B9-8F77-C5D17A1CDFBE} = {DF29F7E8-943F-4EC9-9EB5-5C4E27BA9AB2}
		{D4EFF016-9A16-4560-8E1D-2A33D0DE399F} = {DF29F7E8-943F-4EC9-9EB5-5C4E27BA9AB2}
		{380A4F46-413D-49B4-884F-21C7683F093C} = {052AFAF6-318D-4D7F-AAEC-3C8A5667FFBC}
		{77605834-E425-4F69-8B27-DCA82A04EB07} = {0EAE964B-EECF-45B0-8253-5FC75792D419}
		{FE47A14F-9157-4917-82FB-7861A57B1822} = {DF29F7E8-943F-4EC9-9EB5-5C4E27BA9AB2}
		{7F7B4A1F-01E1-440E-89DB-08F7D1D5A128} = {0EAE964B-EECF-45B0-8253-5FC75792D419}
		{F8BB6993-B610-40AD-995A-AA5A28FBBBFE} = {943958D2-1308-4317-940F-60CAD3C74AC3}
		{A95DA3C0-54C5-4BB9-84CB-E8B69E712A62} = {0EAE964B-EECF-45B0-8253-5FC75792D419}
		{CD1238DA-B610-40AD-995A-AA5A28FBBBFE} = {943958D2-1308-4317-940F-60CAD3C74AC3}
		{390A9FF0-4B34-4869-AF15-7EF7960D5D56} = {943958D2-1308-4317-940F-60CAD3C74AC3}
		{1B4B5809-4108-4C73-B3FB-3A7609D97704} = {943958D2-1308-4317-940F-60CAD3C74AC3}
	EndGlobalSection
	GlobalSection(ExtensibilityGlobals) = postSolution
		SolutionGuid = {AF31D6F5-6E93-461B-8C5F-348439D19C6D}
	EndGlobalSection
	GlobalSection(AutomaticVersions) = postSolution
		UpdateAssemblyVersion = True
		UpdateAssemblyFileVersion = True
		UpdateAssemblyInfoVersion = True
		AssemblyVersionSettings = IncrementOnDemand.IncrementOnDemand.IncrementOnDemand.IncrementWithResetOnIncrease
		AssemblyFileVersionSettings = IncrementOnDemand.IncrementOnDemand.IncrementOnDemand.IncrementWithResetOnIncrease
		AssemblyInfoVersionSettings = IncrementOnDemand.IncrementOnDemand.IncrementOnDemand.None
		UpdatePackageVersion = False
		AssemblyInfoVersionType = SettingsVersion
		InheritWinAppVersionFrom = None
	EndGlobalSection
EndGlobal
