
Microsoft Visual Studio Solution File, Format Version 12.00
# Visual Studio 15
VisualStudioVersion = 15.0.27428.2015
MinimumVisualStudioVersion = 10.0.40219.1
Project("{2150E333-8FDC-42A3-9474-1A3956D46DE8}") = "_Resources", "_Resources", "{68D4CD2C-A5B9-441D-8D5E-F0A9C02B96A6}"
EndProject
Project("{2150E333-8FDC-42A3-9474-1A3956D46DE8}") = "_Libs", "_Libs", "{052AFAF6-318D-4D7F-AAEC-3C8A5667FFBC}"
EndProject
Project("{D954291E-2A0B-460D-934E-DC6B0785DB48}") = "pngcs", "libs\pngcs\pngcs.shproj", "{4F65145F-6F0C-49CD-830A-A51A2A9C5F75}"
EndProject
Project("{D954291E-2A0B-460D-934E-DC6B0785DB48}") = "Process.NET", "libs\Process.NET\src\Process.NET\Process.NET.shproj", "{4B6AC8FD-5DDE-4736-9C82-7FF32C099093}"
EndProject
Project("{FAE04EC0-301F-11D3-BF4B-00C04F79EFBC}") = "Pdf.WpfPubl", "libs\Patagames.Pdf.Wpf\Pdf.WpfPubl.csproj", "{380A4F46-413D-49B4-884F-21C7683F093C}"
EndProject
Project("{2150E333-8FDC-42A3-9474-1A3956D46DE8}") = "AppHosts", "AppHosts", "{5B812C9B-64F7-45FE-8B1F-485028890647}"
EndProject
Project("{FAE04EC0-301F-11D3-BF4B-00C04F79EFBC}") = "SuperMemoAssistant", "src\AppHosts\SuperMemoAssistant\SuperMemoAssistant.csproj", "{C57D9489-0A27-4B18-818C-7CBB379ACFD8}"
	ProjectSection(ProjectDependencies) = postProject
		{FAECF9BB-9FD5-4FB1-A3A8-9F7CAA57A1FE} = {FAECF9BB-9FD5-4FB1-A3A8-9F7CAA57A1FE}
		{CD2988DA-B610-40AD-995A-AA5A28FBBBFE} = {CD2988DA-B610-40AD-995A-AA5A28FBBBFE}
	EndProjectSection
EndProject
Project("{2150E333-8FDC-42A3-9474-1A3956D46DE8}") = "Core", "Core", "{DF29F7E8-943F-4EC9-9EB5-5C4E27BA9AB2}"
EndProject
Project("{FAE04EC0-301F-11D3-BF4B-00C04F79EFBC}") = "SuperMemoAssistant.Core", "src\Core\SuperMemoAssistant.Core\SuperMemoAssistant.Core.csproj", "{7550628D-0630-4A42-B0B7-55D26F981365}"
	ProjectSection(ProjectDependencies) = postProject
		{D5086D5E-84A6-4C0D-B6F2-D1B82C5FB487} = {D5086D5E-84A6-4C0D-B6F2-D1B82C5FB487}
	EndProjectSection
EndProject
Project("{FAE04EC0-301F-11D3-BF4B-00C04F79EFBC}") = "SuperMemoAssistant.Interop", "src\Core\SuperMemoAssistant.Interop\SuperMemoAssistant.Interop.csproj", "{FD0E1BE8-BED3-4AB0-A9C8-022A2DBC8450}"
EndProject
Project("{FAE04EC0-301F-11D3-BF4B-00C04F79EFBC}") = "SuperMemoAssistant.PluginsHost", "src\Core\SuperMemoAssistant.PluginsHost\SuperMemoAssistant.PluginsHost.csproj", "{9799923C-3DE6-48BF-B459-AA3029016727}"
EndProject
Project("{D954291E-2A0B-460D-934E-DC6B0785DB48}") = "SuperMemoAssistant.Hooks.Shared", "src\Core\SuperMemoAssistant.Hooks.Shared\SuperMemoAssistant.Hooks.Shared.shproj", "{83E8B3AB-4B3C-4E1C-871D-C71170D956C8}"
EndProject
Project("{FAE04EC0-301F-11D3-BF4B-00C04F79EFBC}") = "SuperMemoAssistant.Hooks.InjectLib", "src\Core\SuperMemoAssistant.Hooks.InjectLib\SuperMemoAssistant.Hooks.InjectLib.csproj", "{D5086D5E-84A6-4C0D-B6F2-D1B82C5FB487}"
EndProject
Project("{2150E333-8FDC-42A3-9474-1A3956D46DE8}") = "Plugins", "Plugins", "{943958D2-1308-4317-940F-60CAD3C74AC3}"
EndProject
Project("{FAE04EC0-301F-11D3-BF4B-00C04F79EFBC}") = "SuperMemoAssistant.Plugins.LateX", "src\Plugins\SuperMemoAssistant.Plugins.LateX\SuperMemoAssistant.Plugins.LateX.csproj", "{CD2988DA-B610-40AD-995A-AA5A28FBBBFE}"
EndProject
Project("{FAE04EC0-301F-11D3-BF4B-00C04F79EFBC}") = "SuperMemoAssistant.Plugins.PDF", "src\Plugins\SuperMemoAssistant.Plugins.PDF\SuperMemoAssistant.Plugins.PDF.csproj", "{FAECF9BB-9FD5-4FB1-A3A8-9F7CAA57A1FE}"
EndProject
Project("{2150E333-8FDC-42A3-9474-1A3956D46DE8}") = "Services", "Services", "{0EAE964B-EECF-45B0-8253-5FC75792D419}"
EndProject
Project("{FAE04EC0-301F-11D3-BF4B-00C04F79EFBC}") = "SuperMemoAssistant.Services.UIAutomation", "src\Services\SuperMemoAssistant.Services.UIAutomation\SuperMemoAssistant.Services.UIAutomation.csproj", "{7FCECAFF-F232-4A04-98FE-8233EB1908C6}"
EndProject
Project("{FAE04EC0-301F-11D3-BF4B-00C04F79EFBC}") = "SuperMemoAssistant.Services.Medias.Images", "src\Services\SuperMemoAssistant.Services.Medias.Images\SuperMemoAssistant.Services.Medias.Images.csproj", "{677647E4-F052-41D0-915A-AD76DA72463E}"
EndProject
Project("{2150E333-8FDC-42A3-9474-1A3956D46DE8}") = "Tests", "Tests", "{AD03930B-2669-40A6-B9E1-F676433684AE}"
EndProject
Project("{FAE04EC0-301F-11D3-BF4B-00C04F79EFBC}") = "SuperMemoAssistant.Tests", "src\Tests\SuperMemoAssistant.Tests\SuperMemoAssistant.Tests.csproj", "{2E3DF5C2-8A38-4A03-86D7-8D463C917E47}"
EndProject
Project("{FAE04EC0-301F-11D3-BF4B-00C04F79EFBC}") = "SuperMemoAssistant.Plugins.MediaPlayer", "src\Plugins\SuperMemoAssistant.Plugins.MediaPlayer\SuperMemoAssistant.Plugins.MediaPlayer.csproj", "{88E22B47-FCF2-489F-B70F-EB0925E8AF87}"
EndProject
Global
	GlobalSection(SharedMSBuildProjectFiles) = preSolution
		libs\Process.NET\src\Process.NET\Process.NET.projitems*{4b6ac8fd-5dde-4736-9c82-7ff32c099093}*SharedItemsImports = 13
		libs\pngcs\pngcs.projitems*{4f65145f-6f0c-49cd-830a-a51a2a9c5f75}*SharedItemsImports = 13
		libs\pngcs\pngcs.projitems*{677647e4-f052-41d0-915a-ad76da72463e}*SharedItemsImports = 4
		src\Core\SuperMemoAssistant.Hooks.Shared\SuperMemoAssistant.Hooks.Shared.projitems*{7550628d-0630-4a42-b0b7-55d26f981365}*SharedItemsImports = 4
		src\Core\SuperMemoAssistant.Hooks.Shared\SuperMemoAssistant.Hooks.Shared.projitems*{83e8b3ab-4b3c-4e1c-871d-c71170d956c8}*SharedItemsImports = 13
		src\Core\SuperMemoAssistant.Hooks.Shared\SuperMemoAssistant.Hooks.Shared.projitems*{d5086d5e-84a6-4c0d-b6f2-d1b82c5fb487}*SharedItemsImports = 4
		libs\Process.NET\src\Process.NET\Process.NET.projitems*{fd0e1be8-bed3-4ab0-a9c8-022a2dbc8450}*SharedItemsImports = 4
	EndGlobalSection
	GlobalSection(SolutionConfigurationPlatforms) = preSolution
		Debug|x86 = Debug|x86
		Release|x86 = Release|x86
	EndGlobalSection
	GlobalSection(ProjectConfigurationPlatforms) = postSolution
		{380A4F46-413D-49B4-884F-21C7683F093C}.Debug|x86.ActiveCfg = Debug|x86
		{380A4F46-413D-49B4-884F-21C7683F093C}.Debug|x86.Build.0 = Debug|x86
		{380A4F46-413D-49B4-884F-21C7683F093C}.Release|x86.ActiveCfg = Release|x86
		{380A4F46-413D-49B4-884F-21C7683F093C}.Release|x86.Build.0 = Release|x86
		{C57D9489-0A27-4B18-818C-7CBB379ACFD8}.Debug|x86.ActiveCfg = Debug|x86
		{C57D9489-0A27-4B18-818C-7CBB379ACFD8}.Debug|x86.Build.0 = Debug|x86
		{C57D9489-0A27-4B18-818C-7CBB379ACFD8}.Release|x86.ActiveCfg = Release|x86
		{C57D9489-0A27-4B18-818C-7CBB379ACFD8}.Release|x86.Build.0 = Release|x86
		{7550628D-0630-4A42-B0B7-55D26F981365}.Debug|x86.ActiveCfg = Debug|x86
		{7550628D-0630-4A42-B0B7-55D26F981365}.Debug|x86.Build.0 = Debug|x86
		{7550628D-0630-4A42-B0B7-55D26F981365}.Release|x86.ActiveCfg = Release|x86
		{7550628D-0630-4A42-B0B7-55D26F981365}.Release|x86.Build.0 = Release|x86
		{FD0E1BE8-BED3-4AB0-A9C8-022A2DBC8450}.Debug|x86.ActiveCfg = Debug|x86
		{FD0E1BE8-BED3-4AB0-A9C8-022A2DBC8450}.Debug|x86.Build.0 = Debug|x86
		{FD0E1BE8-BED3-4AB0-A9C8-022A2DBC8450}.Release|x86.ActiveCfg = Release|x86
		{FD0E1BE8-BED3-4AB0-A9C8-022A2DBC8450}.Release|x86.Build.0 = Release|x86
		{9799923C-3DE6-48BF-B459-AA3029016727}.Debug|x86.ActiveCfg = Debug|x86
		{9799923C-3DE6-48BF-B459-AA3029016727}.Debug|x86.Build.0 = Debug|x86
		{9799923C-3DE6-48BF-B459-AA3029016727}.Release|x86.ActiveCfg = Release|x86
		{9799923C-3DE6-48BF-B459-AA3029016727}.Release|x86.Build.0 = Release|x86
		{D5086D5E-84A6-4C0D-B6F2-D1B82C5FB487}.Debug|x86.ActiveCfg = Debug|x86
		{D5086D5E-84A6-4C0D-B6F2-D1B82C5FB487}.Debug|x86.Build.0 = Debug|x86
		{D5086D5E-84A6-4C0D-B6F2-D1B82C5FB487}.Release|x86.ActiveCfg = Release|x86
		{D5086D5E-84A6-4C0D-B6F2-D1B82C5FB487}.Release|x86.Build.0 = Release|x86
		{CD2988DA-B610-40AD-995A-AA5A28FBBBFE}.Debug|x86.ActiveCfg = Debug|x86
		{CD2988DA-B610-40AD-995A-AA5A28FBBBFE}.Debug|x86.Build.0 = Debug|x86
		{CD2988DA-B610-40AD-995A-AA5A28FBBBFE}.Release|x86.ActiveCfg = Release|x86
		{CD2988DA-B610-40AD-995A-AA5A28FBBBFE}.Release|x86.Build.0 = Release|x86
		{FAECF9BB-9FD5-4FB1-A3A8-9F7CAA57A1FE}.Debug|x86.ActiveCfg = Debug|x86
		{FAECF9BB-9FD5-4FB1-A3A8-9F7CAA57A1FE}.Debug|x86.Build.0 = Debug|x86
		{FAECF9BB-9FD5-4FB1-A3A8-9F7CAA57A1FE}.Release|x86.ActiveCfg = Release|x86
		{FAECF9BB-9FD5-4FB1-A3A8-9F7CAA57A1FE}.Release|x86.Build.0 = Release|x86
		{7FCECAFF-F232-4A04-98FE-8233EB1908C6}.Debug|x86.ActiveCfg = Debug|x86
		{7FCECAFF-F232-4A04-98FE-8233EB1908C6}.Debug|x86.Build.0 = Debug|x86
		{7FCECAFF-F232-4A04-98FE-8233EB1908C6}.Release|x86.ActiveCfg = Release|x86
		{7FCECAFF-F232-4A04-98FE-8233EB1908C6}.Release|x86.Build.0 = Release|x86
		{677647E4-F052-41D0-915A-AD76DA72463E}.Debug|x86.ActiveCfg = Debug|x86
		{677647E4-F052-41D0-915A-AD76DA72463E}.Debug|x86.Build.0 = Debug|x86
		{677647E4-F052-41D0-915A-AD76DA72463E}.Release|x86.ActiveCfg = Release|x86
		{677647E4-F052-41D0-915A-AD76DA72463E}.Release|x86.Build.0 = Release|x86
		{2E3DF5C2-8A38-4A03-86D7-8D463C917E47}.Debug|x86.ActiveCfg = Debug|Any CPU
		{2E3DF5C2-8A38-4A03-86D7-8D463C917E47}.Release|x86.ActiveCfg = Release|Any CPU
		{88E22B47-FCF2-489F-B70F-EB0925E8AF87}.Debug|x86.ActiveCfg = Debug|x86
		{88E22B47-FCF2-489F-B70F-EB0925E8AF87}.Debug|x86.Build.0 = Debug|x86
		{88E22B47-FCF2-489F-B70F-EB0925E8AF87}.Release|x86.ActiveCfg = Release|x86
		{88E22B47-FCF2-489F-B70F-EB0925E8AF87}.Release|x86.Build.0 = Release|x86
	EndGlobalSection
	GlobalSection(SolutionProperties) = preSolution
		HideSolutionNode = FALSE
	EndGlobalSection
	GlobalSection(NestedProjects) = preSolution
		{4F65145F-6F0C-49CD-830A-A51A2A9C5F75} = {052AFAF6-318D-4D7F-AAEC-3C8A5667FFBC}
		{4B6AC8FD-5DDE-4736-9C82-7FF32C099093} = {052AFAF6-318D-4D7F-AAEC-3C8A5667FFBC}
		{380A4F46-413D-49B4-884F-21C7683F093C} = {052AFAF6-318D-4D7F-AAEC-3C8A5667FFBC}
		{C57D9489-0A27-4B18-818C-7CBB379ACFD8} = {5B812C9B-64F7-45FE-8B1F-485028890647}
		{7550628D-0630-4A42-B0B7-55D26F981365} = {DF29F7E8-943F-4EC9-9EB5-5C4E27BA9AB2}
		{FD0E1BE8-BED3-4AB0-A9C8-022A2DBC8450} = {DF29F7E8-943F-4EC9-9EB5-5C4E27BA9AB2}
		{9799923C-3DE6-48BF-B459-AA3029016727} = {DF29F7E8-943F-4EC9-9EB5-5C4E27BA9AB2}
		{83E8B3AB-4B3C-4E1C-871D-C71170D956C8} = {DF29F7E8-943F-4EC9-9EB5-5C4E27BA9AB2}
		{D5086D5E-84A6-4C0D-B6F2-D1B82C5FB487} = {DF29F7E8-943F-4EC9-9EB5-5C4E27BA9AB2}
		{CD2988DA-B610-40AD-995A-AA5A28FBBBFE} = {943958D2-1308-4317-940F-60CAD3C74AC3}
		{FAECF9BB-9FD5-4FB1-A3A8-9F7CAA57A1FE} = {943958D2-1308-4317-940F-60CAD3C74AC3}
		{7FCECAFF-F232-4A04-98FE-8233EB1908C6} = {0EAE964B-EECF-45B0-8253-5FC75792D419}
		{677647E4-F052-41D0-915A-AD76DA72463E} = {0EAE964B-EECF-45B0-8253-5FC75792D419}
		{2E3DF5C2-8A38-4A03-86D7-8D463C917E47} = {AD03930B-2669-40A6-B9E1-F676433684AE}
		{88E22B47-FCF2-489F-B70F-EB0925E8AF87} = {943958D2-1308-4317-940F-60CAD3C74AC3}
	EndGlobalSection
	GlobalSection(ExtensibilityGlobals) = postSolution
		SolutionGuid = {AF31D6F5-6E93-461B-8C5F-348439D19C6D}
	EndGlobalSection
EndGlobal
