
Microsoft Visual Studio Solution File, Format Version 12.00
# Visual Studio Version 16
VisualStudioVersion = 16.0.29613.14
MinimumVisualStudioVersion = 10.0.40219.1
Project("{2150E333-8FDC-42A3-9474-1A3956D46DE8}") = "_Libs", "_Libs", "{052AFAF6-318D-4D7F-AAEC-3C8A5667FFBC}"
EndProject
Project("{FAE04EC0-301F-11D3-BF4B-00C04F79EFBC}") = "Process.NET", "libs\Process.NET\src\Process.NET\Process.NET.csproj", "{501257D3-F788-4A5D-B990-16C01FF71926}"
EndProject
Project("{D954291E-2A0B-460D-934E-DC6B0785DB48}") = "pngcs", "libs\pngcs\pngcs.shproj", "{4F65145F-6F0C-49CD-830A-A51A2A9C5F75}"
EndProject
Project("{FAE04EC0-301F-11D3-BF4B-00C04F79EFBC}") = "Pdf.WpfPubl", "src\Plugins\SuperMemoAssistant.Plugins.PDF\libs\Patagames.Pdf.Wpf\Pdf.WpfPubl.csproj", "{380A4F46-413D-49B4-884F-21C7683F093C}"
EndProject
Project("{2150E333-8FDC-42A3-9474-1A3956D46DE8}") = "AppHosts", "AppHosts", "{5B812C9B-64F7-45FE-8B1F-485028890647}"
EndProject
Project("{FAE04EC0-301F-11D3-BF4B-00C04F79EFBC}") = "SuperMemoAssistant", "src\AppHosts\SuperMemoAssistant\SuperMemoAssistant.csproj", "{C57D9489-0A27-4B18-818C-7CBB379ACFD8}"
	ProjectSection(ProjectDependencies) = postProject
		{D5086D5E-84A6-4C0D-B6F2-D1B82C5FB487} = {D5086D5E-84A6-4C0D-B6F2-D1B82C5FB487}
	EndProjectSection
EndProject
Project("{2150E333-8FDC-42A3-9474-1A3956D46DE8}") = "Core", "Core", "{DF29F7E8-943F-4EC9-9EB5-5C4E27BA9AB2}"
EndProject
Project("{FAE04EC0-301F-11D3-BF4B-00C04F79EFBC}") = "SuperMemoAssistant.Core", "src\Core\SuperMemoAssistant.Core\SuperMemoAssistant.Core.csproj", "{7550628D-0630-4A42-B0B7-55D26F981365}"
	ProjectSection(ProjectDependencies) = postProject
		{D5086D5E-84A6-4C0D-B6F2-D1B82C5FB487} = {D5086D5E-84A6-4C0D-B6F2-D1B82C5FB487}
	EndProjectSection
EndProject
Project("{FAE04EC0-301F-11D3-BF4B-00C04F79EFBC}") = "SuperMemoAssistant.Interop", "src\Core\SuperMemoAssistant.Interop\SuperMemoAssistant.Interop.csproj", "{FD0E1BE8-BED3-4AB0-A9C8-022A2DBC8450}"
EndProject
Project("{FAE04EC0-301F-11D3-BF4B-00C04F79EFBC}") = "SuperMemoAssistant.Hooks.InjectLib", "src\Core\SuperMemoAssistant.Hooks.InjectLib\SuperMemoAssistant.Hooks.InjectLib.csproj", "{D5086D5E-84A6-4C0D-B6F2-D1B82C5FB487}"
EndProject
Project("{8BC9CEB8-8B4A-11D0-8D11-00A0C91BC942}") = "SuperMemoAssistant.Hooks.NativeLib", "src\Core\SuperMemoAssistant.Hooks.NativeLib\SuperMemoAssistant.Hooks.NativeLib.vcxproj", "{FFFE85EF-4719-4F7F-AB5F-A63D2E184BD2}"
EndProject
Project("{FAE04EC0-301F-11D3-BF4B-00C04F79EFBC}") = "SuperMemoAssistant.Hooks.Common", "src\Core\SuperMemoAssistant.Hooks.Common\SuperMemoAssistant.Hooks.Common.csproj", "{CC5B9485-9EF1-4133-9242-719D263700AE}"
EndProject
Project("{D954291E-2A0B-460D-934E-DC6B0785DB48}") = "SuperMemoAssistant.Interop.Shared", "src\Core\SuperMemoAssistant.Interop.Shared\SuperMemoAssistant.Interop.Shared.shproj", "{D4EFF016-9A16-4560-8E1D-2A33D0DE399F}"
EndProject
Project("{2150E333-8FDC-42A3-9474-1A3956D46DE8}") = "Plugins", "Plugins", "{943958D2-1308-4317-940F-60CAD3C74AC3}"
EndProject
Project("{FAE04EC0-301F-11D3-BF4B-00C04F79EFBC}") = "SuperMemoAssistant.Plugins.LaTeX", "src\Plugins\SuperMemoAssistant.Plugins.LateX\src\SuperMemoAssistant.Plugins.LaTeX\SuperMemoAssistant.Plugins.LaTeX.csproj", "{CD2988DA-B610-40AD-995A-AA5A28FBBBFE}"
EndProject
Project("{FAE04EC0-301F-11D3-BF4B-00C04F79EFBC}") = "SuperMemoAssistant.Plugins.PDF", "src\Plugins\SuperMemoAssistant.Plugins.PDF\src\SuperMemoAssistant.Plugins.PDF\SuperMemoAssistant.Plugins.PDF.csproj", "{FAECF9BB-9FD5-4FB1-A3A8-9F7CAA57A1FE}"
EndProject
Project("{FAE04EC0-301F-11D3-BF4B-00C04F79EFBC}") = "SuperMemoAssistant.Plugins.Dictionary", "src\Plugins\SuperMemoAssistant.Plugins.Dictionary\src\SuperMemoAssistant.Plugins.Dictionary\SuperMemoAssistant.Plugins.Dictionary.csproj", "{C76CFA78-F820-4F05-9429-4A3A3C9C1414}"
EndProject
Project("{FAE04EC0-301F-11D3-BF4B-00C04F79EFBC}") = "SuperMemoAssistant.Plugins.Dictionary.Interop", "src\Plugins\SuperMemoAssistant.Plugins.Dictionary.Interop\src\SuperMemoAssistant.Plugins.Dictionary.Interop\SuperMemoAssistant.Plugins.Dictionary.Interop.csproj", "{AA97C5AA-CA1A-4988-AE2E-E5A292B63C12}"
EndProject
Project("{FAE04EC0-301F-11D3-BF4B-00C04F79EFBC}") = "SuperMemoAssistant.Plugins.Import", "src\Plugins\SuperMemoAssistant.Plugins.Import\src\SuperMemoAssistant.Plugins.Import\SuperMemoAssistant.Plugins.Import.csproj", "{F8BB6993-B610-40AD-995A-AA5A28FBBBFE}"
EndProject
Project("{FAE04EC0-301F-11D3-BF4B-00C04F79EFBC}") = "SuperMemoAssistant.Plugins.Import.BrowserNativeHost", "src\Plugins\SuperMemoAssistant.Plugins.Import\libs\SuperMemoAssistant.Plugins.Import.BrowserNativeHost\SuperMemoAssistant.Plugins.Import.BrowserNativeHost.csproj", "{390A9FF0-4B34-4869-AF15-7EF7960D5D56}"
EndProject
Project("{FAE04EC0-301F-11D3-BF4B-00C04F79EFBC}") = "SuperMemoAssistant.Plugins.Import.Interop", "src\Plugins\SuperMemoAssistant.Plugins.Import\libs\SuperMemoAssistant.Plugins.Import.Interop\SuperMemoAssistant.Plugins.Import.Interop.csproj", "{1B4B5809-4108-4C73-B3FB-3A7609D97704}"
EndProject
Project("{FAE04EC0-301F-11D3-BF4B-00C04F79EFBC}") = "SuperMemoAssistant.Plugins.ImageOcclusion", "src\Plugins\SuperMemoAssistant.Plugins.ImageOcclusion\src\SuperMemoAssistant.Plugins.ImageOcclusion\SuperMemoAssistant.Plugins.ImageOcclusion.csproj", "{F8BB6993-25DF-4173-BB3D-ACEE15C5A2B9}"
EndProject
Project("{FAE04EC0-301F-11D3-BF4B-00C04F79EFBC}") = "SuperMemoAssistant.Plugins.MediaPlayer", "src\Plugins\SuperMemoAssistant.Plugins.MediaPlayer\src\SuperMemoAssistant.Plugins.MediaPlayer\SuperMemoAssistant.Plugins.MediaPlayer.csproj", "{88E22B47-FCF2-489F-B70F-EB0925E8AF87}"
EndProject
Project("{FAE04EC0-301F-11D3-BF4B-00C04F79EFBC}") = "SuperMemoAssistant.Plugins.Template", "src\Plugins\SuperMemoAssistant.Plugins.Template\src\SuperMemoAssistant.Plugins.Template\SuperMemoAssistant.Plugins.Template.csproj", "{CD1238DA-B610-40AD-995A-AA5A28FBBBFE}"
EndProject
Project("{FAE04EC0-301F-11D3-BF4B-00C04F79EFBC}") = "SuperMemoAssistant.Plugins.DevSandbox", "src\Plugins\SuperMemoAssistant.Plugins.DevSandbox\SuperMemoAssistant.Plugins.DevSandbox.csproj", "{7A525B88-A30F-4B3D-9294-9AD65CE68417}"
EndProject
Project("{2150E333-8FDC-42A3-9474-1A3956D46DE8}") = "Services", "Services", "{0EAE964B-EECF-45B0-8253-5FC75792D419}"
EndProject
Project("{FAE04EC0-301F-11D3-BF4B-00C04F79EFBC}") = "SuperMemoAssistant.Services.Medias.Images", "src\Services\SuperMemoAssistant.Services.Medias.Images\SuperMemoAssistant.Services.Medias.Images.csproj", "{677647E4-F052-41D0-915A-AD76DA72463E}"
EndProject
Project("{FAE04EC0-301F-11D3-BF4B-00C04F79EFBC}") = "SuperMemoAssistant.Services.UI", "src\Services\SuperMemoAssistant.Services.UI\SuperMemoAssistant.Services.UI.csproj", "{7F7B4A1F-01E1-440E-89DB-08F7D1D5A128}"
EndProject
Project("{FAE04EC0-301F-11D3-BF4B-00C04F79EFBC}") = "SuperMemoAssistant.Services.HTML", "src\Services\SuperMemoAssistant.Services.HTML\SuperMemoAssistant.Services.HTML.csproj", "{A95DA3C0-54C5-4BB9-84CB-E8B69E712A62}"
EndProject
Project("{FAE04EC0-301F-11D3-BF4B-00C04F79EFBC}") = "SuperMemoAssistant.Services.Sentry", "src\Services\SuperMemoAssistant.Services.Sentry\SuperMemoAssistant.Services.Sentry.csproj", "{298D380E-E3C0-4D34-A128-8A9D0A4BF196}"
EndProject
Project("{2150E333-8FDC-42A3-9474-1A3956D46DE8}") = "Tests", "Tests", "{AD03930B-2669-40A6-B9E1-F676433684AE}"
EndProject
Project("{FAE04EC0-301F-11D3-BF4B-00C04F79EFBC}") = "SuperMemoAssistant.Tests", "src\Tests\SuperMemoAssistant.Tests\SuperMemoAssistant.Tests.csproj", "{2E3DF5C2-8A38-4A03-86D7-8D463C917E47}"
EndProject
Project("{2150E333-8FDC-42A3-9474-1A3956D46DE8}") = "Solution Items", "Solution Items", "{AC925E57-BDB9-48E8-B493-8BB02C80B562}"
	ProjectSection(SolutionItems) = preProject
		.editorconfig = .editorconfig
	EndProjectSection
EndProject
Global
	GlobalSection(SharedMSBuildProjectFiles) = preSolution
		libs\pngcs\pngcs.projitems*{4f65145f-6f0c-49cd-830a-a51a2a9c5f75}*SharedItemsImports = 13
		libs\pngcs\pngcs.projitems*{677647e4-f052-41d0-915a-ad76da72463e}*SharedItemsImports = 4
		src\Core\SuperMemoAssistant.Interop.Shared\SuperMemoAssistant.Interop.Shared.projitems*{d4eff016-9a16-4560-8e1d-2a33d0de399f}*SharedItemsImports = 13
		src\Core\SuperMemoAssistant.Interop.Shared\SuperMemoAssistant.Interop.Shared.projitems*{d5086d5e-84a6-4c0d-b6f2-d1b82c5fb487}*SharedItemsImports = 4
		src\Core\SuperMemoAssistant.Interop.Shared\SuperMemoAssistant.Interop.Shared.projitems*{fd0e1be8-bed3-4ab0-a9c8-022a2dbc8450}*SharedItemsImports = 4
	EndGlobalSection
	GlobalSection(SolutionConfigurationPlatforms) = preSolution
		Coverage|x86 = Coverage|x86
		Debug|x86 = Debug|x86
		Debug-InProd|x86 = Debug-InProd|x86
		NuPackDebug-InProd|x86 = NuPackDebug-InProd|x86
		NuPackRelease|x86 = NuPackRelease|x86
		Release|x86 = Release|x86
		SquirrelDebug-InProd|x86 = SquirrelDebug-InProd|x86
		SquirrelRelease|x86 = SquirrelRelease|x86
	EndGlobalSection
	GlobalSection(ProjectConfigurationPlatforms) = postSolution
		{501257D3-F788-4A5D-B990-16C01FF71926}.Coverage|x86.ActiveCfg = Release|x86
		{501257D3-F788-4A5D-B990-16C01FF71926}.Coverage|x86.Build.0 = Release|x86
		{501257D3-F788-4A5D-B990-16C01FF71926}.Debug|x86.ActiveCfg = Debug|x86
		{501257D3-F788-4A5D-B990-16C01FF71926}.Debug|x86.Build.0 = Debug|x86
		{501257D3-F788-4A5D-B990-16C01FF71926}.Debug-InProd|x86.ActiveCfg = Debug-InProd|x86
		{501257D3-F788-4A5D-B990-16C01FF71926}.Debug-InProd|x86.Build.0 = Debug-InProd|x86
		{501257D3-F788-4A5D-B990-16C01FF71926}.NuPackDebug-InProd|x86.ActiveCfg = Debug-InProd|x86
		{501257D3-F788-4A5D-B990-16C01FF71926}.NuPackDebug-InProd|x86.Build.0 = Debug-InProd|x86
		{501257D3-F788-4A5D-B990-16C01FF71926}.NuPackRelease|x86.ActiveCfg = Release|x86
		{501257D3-F788-4A5D-B990-16C01FF71926}.NuPackRelease|x86.Build.0 = Release|x86
		{501257D3-F788-4A5D-B990-16C01FF71926}.Release|x86.ActiveCfg = Release|x86
		{501257D3-F788-4A5D-B990-16C01FF71926}.Release|x86.Build.0 = Release|x86
		{501257D3-F788-4A5D-B990-16C01FF71926}.SquirrelDebug-InProd|x86.ActiveCfg = Debug-InProd|x86
		{501257D3-F788-4A5D-B990-16C01FF71926}.SquirrelDebug-InProd|x86.Build.0 = Debug-InProd|x86
		{501257D3-F788-4A5D-B990-16C01FF71926}.SquirrelRelease|x86.ActiveCfg = Release|x86
		{501257D3-F788-4A5D-B990-16C01FF71926}.SquirrelRelease|x86.Build.0 = Release|x86
		{380A4F46-413D-49B4-884F-21C7683F093C}.Coverage|x86.ActiveCfg = Release|Any CPU
		{380A4F46-413D-49B4-884F-21C7683F093C}.Coverage|x86.Build.0 = Release|Any CPU
		{380A4F46-413D-49B4-884F-21C7683F093C}.Debug|x86.ActiveCfg = Debug|Any CPU
		{380A4F46-413D-49B4-884F-21C7683F093C}.Debug|x86.Build.0 = Debug|Any CPU
		{380A4F46-413D-49B4-884F-21C7683F093C}.Debug-InProd|x86.ActiveCfg = Debug|Any CPU
		{380A4F46-413D-49B4-884F-21C7683F093C}.Debug-InProd|x86.Build.0 = Debug|Any CPU
		{380A4F46-413D-49B4-884F-21C7683F093C}.NuPackDebug-InProd|x86.ActiveCfg = Debug|Any CPU
		{380A4F46-413D-49B4-884F-21C7683F093C}.NuPackDebug-InProd|x86.Build.0 = Debug|Any CPU
		{380A4F46-413D-49B4-884F-21C7683F093C}.NuPackRelease|x86.ActiveCfg = Release|Any CPU
		{380A4F46-413D-49B4-884F-21C7683F093C}.NuPackRelease|x86.Build.0 = Release|Any CPU
		{380A4F46-413D-49B4-884F-21C7683F093C}.Release|x86.ActiveCfg = Release|Any CPU
		{380A4F46-413D-49B4-884F-21C7683F093C}.Release|x86.Build.0 = Release|Any CPU
		{380A4F46-413D-49B4-884F-21C7683F093C}.SquirrelDebug-InProd|x86.ActiveCfg = Debug|Any CPU
		{380A4F46-413D-49B4-884F-21C7683F093C}.SquirrelDebug-InProd|x86.Build.0 = Debug|Any CPU
		{380A4F46-413D-49B4-884F-21C7683F093C}.SquirrelRelease|x86.ActiveCfg = Release|Any CPU
		{380A4F46-413D-49B4-884F-21C7683F093C}.SquirrelRelease|x86.Build.0 = Release|Any CPU
		{C57D9489-0A27-4B18-818C-7CBB379ACFD8}.Coverage|x86.ActiveCfg = Release|x86
		{C57D9489-0A27-4B18-818C-7CBB379ACFD8}.Coverage|x86.Build.0 = Release|x86
		{C57D9489-0A27-4B18-818C-7CBB379ACFD8}.Debug|x86.ActiveCfg = Debug|x86
		{C57D9489-0A27-4B18-818C-7CBB379ACFD8}.Debug|x86.Build.0 = Debug|x86
		{C57D9489-0A27-4B18-818C-7CBB379ACFD8}.Debug-InProd|x86.ActiveCfg = Debug|x86
		{C57D9489-0A27-4B18-818C-7CBB379ACFD8}.Debug-InProd|x86.Build.0 = Debug|x86
		{C57D9489-0A27-4B18-818C-7CBB379ACFD8}.NuPackDebug-InProd|x86.ActiveCfg = Debug|x86
		{C57D9489-0A27-4B18-818C-7CBB379ACFD8}.NuPackDebug-InProd|x86.Build.0 = Debug|x86
		{C57D9489-0A27-4B18-818C-7CBB379ACFD8}.NuPackRelease|x86.ActiveCfg = Release|x86
		{C57D9489-0A27-4B18-818C-7CBB379ACFD8}.NuPackRelease|x86.Build.0 = Release|x86
		{C57D9489-0A27-4B18-818C-7CBB379ACFD8}.Release|x86.ActiveCfg = Release|x86
		{C57D9489-0A27-4B18-818C-7CBB379ACFD8}.Release|x86.Build.0 = Release|x86
		{C57D9489-0A27-4B18-818C-7CBB379ACFD8}.SquirrelDebug-InProd|x86.ActiveCfg = Debug|x86
		{C57D9489-0A27-4B18-818C-7CBB379ACFD8}.SquirrelDebug-InProd|x86.Build.0 = Debug|x86
		{C57D9489-0A27-4B18-818C-7CBB379ACFD8}.SquirrelRelease|x86.ActiveCfg = Release|x86
		{C57D9489-0A27-4B18-818C-7CBB379ACFD8}.SquirrelRelease|x86.Build.0 = Release|x86
		{7550628D-0630-4A42-B0B7-55D26F981365}.Coverage|x86.ActiveCfg = Release|x86
		{7550628D-0630-4A42-B0B7-55D26F981365}.Coverage|x86.Build.0 = Release|x86
		{7550628D-0630-4A42-B0B7-55D26F981365}.Debug|x86.ActiveCfg = Debug|x86
		{7550628D-0630-4A42-B0B7-55D26F981365}.Debug|x86.Build.0 = Debug|x86
		{7550628D-0630-4A42-B0B7-55D26F981365}.Debug-InProd|x86.ActiveCfg = Debug-InProd|x86
		{7550628D-0630-4A42-B0B7-55D26F981365}.Debug-InProd|x86.Build.0 = Debug-InProd|x86
		{7550628D-0630-4A42-B0B7-55D26F981365}.NuPackDebug-InProd|x86.ActiveCfg = Debug-InProd|x86
		{7550628D-0630-4A42-B0B7-55D26F981365}.NuPackDebug-InProd|x86.Build.0 = Debug-InProd|x86
		{7550628D-0630-4A42-B0B7-55D26F981365}.NuPackRelease|x86.ActiveCfg = Release|x86
		{7550628D-0630-4A42-B0B7-55D26F981365}.NuPackRelease|x86.Build.0 = Release|x86
		{7550628D-0630-4A42-B0B7-55D26F981365}.Release|x86.ActiveCfg = Release|x86
		{7550628D-0630-4A42-B0B7-55D26F981365}.Release|x86.Build.0 = Release|x86
		{7550628D-0630-4A42-B0B7-55D26F981365}.SquirrelDebug-InProd|x86.ActiveCfg = Debug-InProd|x86
		{7550628D-0630-4A42-B0B7-55D26F981365}.SquirrelDebug-InProd|x86.Build.0 = Debug-InProd|x86
		{7550628D-0630-4A42-B0B7-55D26F981365}.SquirrelRelease|x86.ActiveCfg = Release|x86
		{7550628D-0630-4A42-B0B7-55D26F981365}.SquirrelRelease|x86.Build.0 = Release|x86
		{FD0E1BE8-BED3-4AB0-A9C8-022A2DBC8450}.Coverage|x86.ActiveCfg = Release|Any CPU
		{FD0E1BE8-BED3-4AB0-A9C8-022A2DBC8450}.Coverage|x86.Build.0 = Release|Any CPU
		{FD0E1BE8-BED3-4AB0-A9C8-022A2DBC8450}.Debug|x86.ActiveCfg = Debug|Any CPU
		{FD0E1BE8-BED3-4AB0-A9C8-022A2DBC8450}.Debug|x86.Build.0 = Debug|Any CPU
		{FD0E1BE8-BED3-4AB0-A9C8-022A2DBC8450}.Debug-InProd|x86.ActiveCfg = Debug|Any CPU
		{FD0E1BE8-BED3-4AB0-A9C8-022A2DBC8450}.Debug-InProd|x86.Build.0 = Debug|Any CPU
		{FD0E1BE8-BED3-4AB0-A9C8-022A2DBC8450}.NuPackDebug-InProd|x86.ActiveCfg = Debug|Any CPU
		{FD0E1BE8-BED3-4AB0-A9C8-022A2DBC8450}.NuPackDebug-InProd|x86.Build.0 = Debug|Any CPU
		{FD0E1BE8-BED3-4AB0-A9C8-022A2DBC8450}.NuPackRelease|x86.ActiveCfg = Release|Any CPU
		{FD0E1BE8-BED3-4AB0-A9C8-022A2DBC8450}.NuPackRelease|x86.Build.0 = Release|Any CPU
		{FD0E1BE8-BED3-4AB0-A9C8-022A2DBC8450}.Release|x86.ActiveCfg = Release|Any CPU
		{FD0E1BE8-BED3-4AB0-A9C8-022A2DBC8450}.Release|x86.Build.0 = Release|Any CPU
		{FD0E1BE8-BED3-4AB0-A9C8-022A2DBC8450}.SquirrelDebug-InProd|x86.ActiveCfg = Debug|Any CPU
		{FD0E1BE8-BED3-4AB0-A9C8-022A2DBC8450}.SquirrelDebug-InProd|x86.Build.0 = Debug|Any CPU
		{FD0E1BE8-BED3-4AB0-A9C8-022A2DBC8450}.SquirrelRelease|x86.ActiveCfg = Release|Any CPU
		{FD0E1BE8-BED3-4AB0-A9C8-022A2DBC8450}.SquirrelRelease|x86.Build.0 = Release|Any CPU
		{D5086D5E-84A6-4C0D-B6F2-D1B82C5FB487}.Coverage|x86.ActiveCfg = Release|x86
		{D5086D5E-84A6-4C0D-B6F2-D1B82C5FB487}.Coverage|x86.Build.0 = Release|x86
		{D5086D5E-84A6-4C0D-B6F2-D1B82C5FB487}.Debug|x86.ActiveCfg = Debug|x86
		{D5086D5E-84A6-4C0D-B6F2-D1B82C5FB487}.Debug|x86.Build.0 = Debug|x86
		{D5086D5E-84A6-4C0D-B6F2-D1B82C5FB487}.Debug-InProd|x86.ActiveCfg = Debug|x86
		{D5086D5E-84A6-4C0D-B6F2-D1B82C5FB487}.Debug-InProd|x86.Build.0 = Debug|x86
		{D5086D5E-84A6-4C0D-B6F2-D1B82C5FB487}.NuPackDebug-InProd|x86.ActiveCfg = Debug|x86
		{D5086D5E-84A6-4C0D-B6F2-D1B82C5FB487}.NuPackDebug-InProd|x86.Build.0 = Debug|x86
		{D5086D5E-84A6-4C0D-B6F2-D1B82C5FB487}.NuPackRelease|x86.ActiveCfg = Release|x86
		{D5086D5E-84A6-4C0D-B6F2-D1B82C5FB487}.NuPackRelease|x86.Build.0 = Release|x86
		{D5086D5E-84A6-4C0D-B6F2-D1B82C5FB487}.Release|x86.ActiveCfg = Release|x86
		{D5086D5E-84A6-4C0D-B6F2-D1B82C5FB487}.Release|x86.Build.0 = Release|x86
		{D5086D5E-84A6-4C0D-B6F2-D1B82C5FB487}.SquirrelDebug-InProd|x86.ActiveCfg = Debug|x86
		{D5086D5E-84A6-4C0D-B6F2-D1B82C5FB487}.SquirrelDebug-InProd|x86.Build.0 = Debug|x86
		{D5086D5E-84A6-4C0D-B6F2-D1B82C5FB487}.SquirrelRelease|x86.ActiveCfg = Release|x86
		{D5086D5E-84A6-4C0D-B6F2-D1B82C5FB487}.SquirrelRelease|x86.Build.0 = Release|x86
		{FFFE85EF-4719-4F7F-AB5F-A63D2E184BD2}.Coverage|x86.ActiveCfg = Debug|Win32
		{FFFE85EF-4719-4F7F-AB5F-A63D2E184BD2}.Coverage|x86.Build.0 = Debug|Win32
		{FFFE85EF-4719-4F7F-AB5F-A63D2E184BD2}.Debug|x86.ActiveCfg = Release|Win32
		{FFFE85EF-4719-4F7F-AB5F-A63D2E184BD2}.Debug|x86.Build.0 = Release|Win32
		{FFFE85EF-4719-4F7F-AB5F-A63D2E184BD2}.Debug-InProd|x86.ActiveCfg = Release|Win32
		{FFFE85EF-4719-4F7F-AB5F-A63D2E184BD2}.Debug-InProd|x86.Build.0 = Release|Win32
		{FFFE85EF-4719-4F7F-AB5F-A63D2E184BD2}.NuPackDebug-InProd|x86.ActiveCfg = Release|Win32
		{FFFE85EF-4719-4F7F-AB5F-A63D2E184BD2}.NuPackDebug-InProd|x86.Build.0 = Release|Win32
		{FFFE85EF-4719-4F7F-AB5F-A63D2E184BD2}.NuPackRelease|x86.ActiveCfg = Release|Win32
		{FFFE85EF-4719-4F7F-AB5F-A63D2E184BD2}.NuPackRelease|x86.Build.0 = Release|Win32
		{FFFE85EF-4719-4F7F-AB5F-A63D2E184BD2}.Release|x86.ActiveCfg = Release|Win32
		{FFFE85EF-4719-4F7F-AB5F-A63D2E184BD2}.Release|x86.Build.0 = Release|Win32
		{FFFE85EF-4719-4F7F-AB5F-A63D2E184BD2}.SquirrelDebug-InProd|x86.ActiveCfg = Release|Win32
		{FFFE85EF-4719-4F7F-AB5F-A63D2E184BD2}.SquirrelDebug-InProd|x86.Build.0 = Release|Win32
		{FFFE85EF-4719-4F7F-AB5F-A63D2E184BD2}.SquirrelRelease|x86.ActiveCfg = Release|Win32
		{FFFE85EF-4719-4F7F-AB5F-A63D2E184BD2}.SquirrelRelease|x86.Build.0 = Release|Win32
		{CC5B9485-9EF1-4133-9242-719D263700AE}.Coverage|x86.ActiveCfg = Release|x86
		{CC5B9485-9EF1-4133-9242-719D263700AE}.Coverage|x86.Build.0 = Release|x86
		{CC5B9485-9EF1-4133-9242-719D263700AE}.Debug|x86.ActiveCfg = Debug|x86
		{CC5B9485-9EF1-4133-9242-719D263700AE}.Debug|x86.Build.0 = Debug|x86
		{CC5B9485-9EF1-4133-9242-719D263700AE}.Debug-InProd|x86.ActiveCfg = Debug|x86
		{CC5B9485-9EF1-4133-9242-719D263700AE}.Debug-InProd|x86.Build.0 = Debug|x86
		{CC5B9485-9EF1-4133-9242-719D263700AE}.NuPackDebug-InProd|x86.ActiveCfg = Debug|x86
		{CC5B9485-9EF1-4133-9242-719D263700AE}.NuPackDebug-InProd|x86.Build.0 = Debug|x86
		{CC5B9485-9EF1-4133-9242-719D263700AE}.NuPackRelease|x86.ActiveCfg = Release|x86
		{CC5B9485-9EF1-4133-9242-719D263700AE}.NuPackRelease|x86.Build.0 = Release|x86
		{CC5B9485-9EF1-4133-9242-719D263700AE}.Release|x86.ActiveCfg = Release|x86
		{CC5B9485-9EF1-4133-9242-719D263700AE}.Release|x86.Build.0 = Release|x86
		{CC5B9485-9EF1-4133-9242-719D263700AE}.SquirrelDebug-InProd|x86.ActiveCfg = Debug|x86
		{CC5B9485-9EF1-4133-9242-719D263700AE}.SquirrelDebug-InProd|x86.Build.0 = Debug|x86
		{CC5B9485-9EF1-4133-9242-719D263700AE}.SquirrelRelease|x86.ActiveCfg = Release|x86
		{CC5B9485-9EF1-4133-9242-719D263700AE}.SquirrelRelease|x86.Build.0 = Release|x86
		{CD2988DA-B610-40AD-995A-AA5A28FBBBFE}.Coverage|x86.ActiveCfg = Release|Any CPU
		{CD2988DA-B610-40AD-995A-AA5A28FBBBFE}.Coverage|x86.Build.0 = Release|Any CPU
		{CD2988DA-B610-40AD-995A-AA5A28FBBBFE}.Debug|x86.ActiveCfg = Debug|Any CPU
		{CD2988DA-B610-40AD-995A-AA5A28FBBBFE}.Debug|x86.Build.0 = Debug|Any CPU
		{CD2988DA-B610-40AD-995A-AA5A28FBBBFE}.Debug-InProd|x86.ActiveCfg = Debug|Any CPU
		{CD2988DA-B610-40AD-995A-AA5A28FBBBFE}.Debug-InProd|x86.Build.0 = Debug|Any CPU
		{CD2988DA-B610-40AD-995A-AA5A28FBBBFE}.NuPackDebug-InProd|x86.ActiveCfg = Debug|Any CPU
		{CD2988DA-B610-40AD-995A-AA5A28FBBBFE}.NuPackDebug-InProd|x86.Build.0 = Debug|Any CPU
		{CD2988DA-B610-40AD-995A-AA5A28FBBBFE}.NuPackRelease|x86.ActiveCfg = Release|Any CPU
		{CD2988DA-B610-40AD-995A-AA5A28FBBBFE}.NuPackRelease|x86.Build.0 = Release|Any CPU
		{CD2988DA-B610-40AD-995A-AA5A28FBBBFE}.Release|x86.ActiveCfg = Release|Any CPU
		{CD2988DA-B610-40AD-995A-AA5A28FBBBFE}.Release|x86.Build.0 = Release|Any CPU
		{CD2988DA-B610-40AD-995A-AA5A28FBBBFE}.SquirrelDebug-InProd|x86.ActiveCfg = Debug|Any CPU
		{CD2988DA-B610-40AD-995A-AA5A28FBBBFE}.SquirrelDebug-InProd|x86.Build.0 = Debug|Any CPU
		{CD2988DA-B610-40AD-995A-AA5A28FBBBFE}.SquirrelRelease|x86.ActiveCfg = Release|Any CPU
		{CD2988DA-B610-40AD-995A-AA5A28FBBBFE}.SquirrelRelease|x86.Build.0 = Release|Any CPU
		{FAECF9BB-9FD5-4FB1-A3A8-9F7CAA57A1FE}.Coverage|x86.ActiveCfg = Release|Any CPU
		{FAECF9BB-9FD5-4FB1-A3A8-9F7CAA57A1FE}.Coverage|x86.Build.0 = Release|Any CPU
		{FAECF9BB-9FD5-4FB1-A3A8-9F7CAA57A1FE}.Debug|x86.ActiveCfg = Debug|Any CPU
		{FAECF9BB-9FD5-4FB1-A3A8-9F7CAA57A1FE}.Debug|x86.Build.0 = Debug|Any CPU
		{FAECF9BB-9FD5-4FB1-A3A8-9F7CAA57A1FE}.Debug-InProd|x86.ActiveCfg = Debug|Any CPU
		{FAECF9BB-9FD5-4FB1-A3A8-9F7CAA57A1FE}.Debug-InProd|x86.Build.0 = Debug|Any CPU
		{FAECF9BB-9FD5-4FB1-A3A8-9F7CAA57A1FE}.NuPackDebug-InProd|x86.ActiveCfg = Debug|Any CPU
		{FAECF9BB-9FD5-4FB1-A3A8-9F7CAA57A1FE}.NuPackDebug-InProd|x86.Build.0 = Debug|Any CPU
		{FAECF9BB-9FD5-4FB1-A3A8-9F7CAA57A1FE}.NuPackRelease|x86.ActiveCfg = Release|Any CPU
		{FAECF9BB-9FD5-4FB1-A3A8-9F7CAA57A1FE}.NuPackRelease|x86.Build.0 = Release|Any CPU
		{FAECF9BB-9FD5-4FB1-A3A8-9F7CAA57A1FE}.Release|x86.ActiveCfg = Release|Any CPU
		{FAECF9BB-9FD5-4FB1-A3A8-9F7CAA57A1FE}.Release|x86.Build.0 = Release|Any CPU
		{FAECF9BB-9FD5-4FB1-A3A8-9F7CAA57A1FE}.SquirrelDebug-InProd|x86.ActiveCfg = Debug|Any CPU
		{FAECF9BB-9FD5-4FB1-A3A8-9F7CAA57A1FE}.SquirrelDebug-InProd|x86.Build.0 = Debug|Any CPU
		{FAECF9BB-9FD5-4FB1-A3A8-9F7CAA57A1FE}.SquirrelRelease|x86.ActiveCfg = Release|Any CPU
		{FAECF9BB-9FD5-4FB1-A3A8-9F7CAA57A1FE}.SquirrelRelease|x86.Build.0 = Release|Any CPU
		{C76CFA78-F820-4F05-9429-4A3A3C9C1414}.Coverage|x86.ActiveCfg = Release|Any CPU
		{C76CFA78-F820-4F05-9429-4A3A3C9C1414}.Coverage|x86.Build.0 = Release|Any CPU
		{C76CFA78-F820-4F05-9429-4A3A3C9C1414}.Debug|x86.ActiveCfg = Debug|Any CPU
		{C76CFA78-F820-4F05-9429-4A3A3C9C1414}.Debug|x86.Build.0 = Debug|Any CPU
		{C76CFA78-F820-4F05-9429-4A3A3C9C1414}.Debug-InProd|x86.ActiveCfg = Debug|Any CPU
		{C76CFA78-F820-4F05-9429-4A3A3C9C1414}.Debug-InProd|x86.Build.0 = Debug|Any CPU
		{C76CFA78-F820-4F05-9429-4A3A3C9C1414}.NuPackDebug-InProd|x86.ActiveCfg = Debug|Any CPU
		{C76CFA78-F820-4F05-9429-4A3A3C9C1414}.NuPackDebug-InProd|x86.Build.0 = Debug|Any CPU
		{C76CFA78-F820-4F05-9429-4A3A3C9C1414}.NuPackRelease|x86.ActiveCfg = Release|Any CPU
		{C76CFA78-F820-4F05-9429-4A3A3C9C1414}.NuPackRelease|x86.Build.0 = Release|Any CPU
		{C76CFA78-F820-4F05-9429-4A3A3C9C1414}.Release|x86.ActiveCfg = Release|Any CPU
		{C76CFA78-F820-4F05-9429-4A3A3C9C1414}.Release|x86.Build.0 = Release|Any CPU
		{C76CFA78-F820-4F05-9429-4A3A3C9C1414}.SquirrelDebug-InProd|x86.ActiveCfg = Debug|Any CPU
		{C76CFA78-F820-4F05-9429-4A3A3C9C1414}.SquirrelDebug-InProd|x86.Build.0 = Debug|Any CPU
		{C76CFA78-F820-4F05-9429-4A3A3C9C1414}.SquirrelRelease|x86.ActiveCfg = Release|Any CPU
		{C76CFA78-F820-4F05-9429-4A3A3C9C1414}.SquirrelRelease|x86.Build.0 = Release|Any CPU
		{AA97C5AA-CA1A-4988-AE2E-E5A292B63C12}.Coverage|x86.ActiveCfg = Release|Any CPU
		{AA97C5AA-CA1A-4988-AE2E-E5A292B63C12}.Coverage|x86.Build.0 = Release|Any CPU
		{AA97C5AA-CA1A-4988-AE2E-E5A292B63C12}.Debug|x86.ActiveCfg = Debug|Any CPU
		{AA97C5AA-CA1A-4988-AE2E-E5A292B63C12}.Debug|x86.Build.0 = Debug|Any CPU
		{AA97C5AA-CA1A-4988-AE2E-E5A292B63C12}.Debug-InProd|x86.ActiveCfg = Debug|Any CPU
		{AA97C5AA-CA1A-4988-AE2E-E5A292B63C12}.Debug-InProd|x86.Build.0 = Debug|Any CPU
		{AA97C5AA-CA1A-4988-AE2E-E5A292B63C12}.NuPackDebug-InProd|x86.ActiveCfg = Debug|Any CPU
		{AA97C5AA-CA1A-4988-AE2E-E5A292B63C12}.NuPackDebug-InProd|x86.Build.0 = Debug|Any CPU
		{AA97C5AA-CA1A-4988-AE2E-E5A292B63C12}.NuPackRelease|x86.ActiveCfg = Release|Any CPU
		{AA97C5AA-CA1A-4988-AE2E-E5A292B63C12}.NuPackRelease|x86.Build.0 = Release|Any CPU
		{AA97C5AA-CA1A-4988-AE2E-E5A292B63C12}.Release|x86.ActiveCfg = Release|Any CPU
		{AA97C5AA-CA1A-4988-AE2E-E5A292B63C12}.Release|x86.Build.0 = Release|Any CPU
		{AA97C5AA-CA1A-4988-AE2E-E5A292B63C12}.SquirrelDebug-InProd|x86.ActiveCfg = Debug|Any CPU
		{AA97C5AA-CA1A-4988-AE2E-E5A292B63C12}.SquirrelDebug-InProd|x86.Build.0 = Debug|Any CPU
		{AA97C5AA-CA1A-4988-AE2E-E5A292B63C12}.SquirrelRelease|x86.ActiveCfg = Release|Any CPU
		{AA97C5AA-CA1A-4988-AE2E-E5A292B63C12}.SquirrelRelease|x86.Build.0 = Release|Any CPU
		{F8BB6993-B610-40AD-995A-AA5A28FBBBFE}.Coverage|x86.ActiveCfg = Release|x86
		{F8BB6993-B610-40AD-995A-AA5A28FBBBFE}.Coverage|x86.Build.0 = Release|x86
		{F8BB6993-B610-40AD-995A-AA5A28FBBBFE}.Debug|x86.ActiveCfg = Debug|x86
		{F8BB6993-B610-40AD-995A-AA5A28FBBBFE}.Debug|x86.Build.0 = Debug|x86
		{F8BB6993-B610-40AD-995A-AA5A28FBBBFE}.Debug-InProd|x86.ActiveCfg = Debug|x86
		{F8BB6993-B610-40AD-995A-AA5A28FBBBFE}.Debug-InProd|x86.Build.0 = Debug|x86
		{F8BB6993-B610-40AD-995A-AA5A28FBBBFE}.NuPackDebug-InProd|x86.ActiveCfg = Debug|x86
		{F8BB6993-B610-40AD-995A-AA5A28FBBBFE}.NuPackDebug-InProd|x86.Build.0 = Debug|x86
		{F8BB6993-B610-40AD-995A-AA5A28FBBBFE}.NuPackRelease|x86.ActiveCfg = Release|x86
		{F8BB6993-B610-40AD-995A-AA5A28FBBBFE}.NuPackRelease|x86.Build.0 = Release|x86
		{F8BB6993-B610-40AD-995A-AA5A28FBBBFE}.Release|x86.ActiveCfg = Release|x86
		{F8BB6993-B610-40AD-995A-AA5A28FBBBFE}.Release|x86.Build.0 = Release|x86
		{F8BB6993-B610-40AD-995A-AA5A28FBBBFE}.SquirrelDebug-InProd|x86.ActiveCfg = Debug|x86
		{F8BB6993-B610-40AD-995A-AA5A28FBBBFE}.SquirrelDebug-InProd|x86.Build.0 = Debug|x86
		{F8BB6993-B610-40AD-995A-AA5A28FBBBFE}.SquirrelRelease|x86.ActiveCfg = Release|x86
		{F8BB6993-B610-40AD-995A-AA5A28FBBBFE}.SquirrelRelease|x86.Build.0 = Release|x86
		{390A9FF0-4B34-4869-AF15-7EF7960D5D56}.Coverage|x86.ActiveCfg = Debug|Any CPU
		{390A9FF0-4B34-4869-AF15-7EF7960D5D56}.Coverage|x86.Build.0 = Debug|Any CPU
		{390A9FF0-4B34-4869-AF15-7EF7960D5D56}.Debug|x86.ActiveCfg = Debug|Any CPU
		{390A9FF0-4B34-4869-AF15-7EF7960D5D56}.Debug|x86.Build.0 = Debug|Any CPU
		{390A9FF0-4B34-4869-AF15-7EF7960D5D56}.Debug-InProd|x86.ActiveCfg = Debug|Any CPU
		{390A9FF0-4B34-4869-AF15-7EF7960D5D56}.Debug-InProd|x86.Build.0 = Debug|Any CPU
		{390A9FF0-4B34-4869-AF15-7EF7960D5D56}.NuPackDebug-InProd|x86.ActiveCfg = Debug|Any CPU
		{390A9FF0-4B34-4869-AF15-7EF7960D5D56}.NuPackDebug-InProd|x86.Build.0 = Debug|Any CPU
		{390A9FF0-4B34-4869-AF15-7EF7960D5D56}.NuPackRelease|x86.ActiveCfg = Release|Any CPU
		{390A9FF0-4B34-4869-AF15-7EF7960D5D56}.NuPackRelease|x86.Build.0 = Release|Any CPU
		{390A9FF0-4B34-4869-AF15-7EF7960D5D56}.Release|x86.ActiveCfg = Release|Any CPU
		{390A9FF0-4B34-4869-AF15-7EF7960D5D56}.Release|x86.Build.0 = Release|Any CPU
		{390A9FF0-4B34-4869-AF15-7EF7960D5D56}.SquirrelDebug-InProd|x86.ActiveCfg = Debug|Any CPU
		{390A9FF0-4B34-4869-AF15-7EF7960D5D56}.SquirrelDebug-InProd|x86.Build.0 = Debug|Any CPU
		{390A9FF0-4B34-4869-AF15-7EF7960D5D56}.SquirrelRelease|x86.ActiveCfg = Release|Any CPU
		{390A9FF0-4B34-4869-AF15-7EF7960D5D56}.SquirrelRelease|x86.Build.0 = Release|Any CPU
		{1B4B5809-4108-4C73-B3FB-3A7609D97704}.Coverage|x86.ActiveCfg = Debug|Any CPU
		{1B4B5809-4108-4C73-B3FB-3A7609D97704}.Coverage|x86.Build.0 = Debug|Any CPU
		{1B4B5809-4108-4C73-B3FB-3A7609D97704}.Debug|x86.ActiveCfg = Debug|Any CPU
		{1B4B5809-4108-4C73-B3FB-3A7609D97704}.Debug|x86.Build.0 = Debug|Any CPU
		{1B4B5809-4108-4C73-B3FB-3A7609D97704}.Debug-InProd|x86.ActiveCfg = Debug|Any CPU
		{1B4B5809-4108-4C73-B3FB-3A7609D97704}.Debug-InProd|x86.Build.0 = Debug|Any CPU
		{1B4B5809-4108-4C73-B3FB-3A7609D97704}.NuPackDebug-InProd|x86.ActiveCfg = Debug|Any CPU
		{1B4B5809-4108-4C73-B3FB-3A7609D97704}.NuPackDebug-InProd|x86.Build.0 = Debug|Any CPU
		{1B4B5809-4108-4C73-B3FB-3A7609D97704}.NuPackRelease|x86.ActiveCfg = Release|Any CPU
		{1B4B5809-4108-4C73-B3FB-3A7609D97704}.NuPackRelease|x86.Build.0 = Release|Any CPU
		{1B4B5809-4108-4C73-B3FB-3A7609D97704}.Release|x86.ActiveCfg = Release|Any CPU
		{1B4B5809-4108-4C73-B3FB-3A7609D97704}.Release|x86.Build.0 = Release|Any CPU
		{1B4B5809-4108-4C73-B3FB-3A7609D97704}.SquirrelDebug-InProd|x86.ActiveCfg = Debug|Any CPU
		{1B4B5809-4108-4C73-B3FB-3A7609D97704}.SquirrelDebug-InProd|x86.Build.0 = Debug|Any CPU
		{1B4B5809-4108-4C73-B3FB-3A7609D97704}.SquirrelRelease|x86.ActiveCfg = Release|Any CPU
		{1B4B5809-4108-4C73-B3FB-3A7609D97704}.SquirrelRelease|x86.Build.0 = Release|Any CPU
		{F8BB6993-25DF-4173-BB3D-ACEE15C5A2B9}.Coverage|x86.ActiveCfg = Debug|Any CPU
		{F8BB6993-25DF-4173-BB3D-ACEE15C5A2B9}.Coverage|x86.Build.0 = Debug|Any CPU
		{F8BB6993-25DF-4173-BB3D-ACEE15C5A2B9}.Debug|x86.ActiveCfg = Debug|Any CPU
		{F8BB6993-25DF-4173-BB3D-ACEE15C5A2B9}.Debug|x86.Build.0 = Debug|Any CPU
		{F8BB6993-25DF-4173-BB3D-ACEE15C5A2B9}.Debug-InProd|x86.ActiveCfg = Debug|Any CPU
		{F8BB6993-25DF-4173-BB3D-ACEE15C5A2B9}.Debug-InProd|x86.Build.0 = Debug|Any CPU
		{F8BB6993-25DF-4173-BB3D-ACEE15C5A2B9}.NuPackDebug-InProd|x86.ActiveCfg = Debug|Any CPU
		{F8BB6993-25DF-4173-BB3D-ACEE15C5A2B9}.NuPackDebug-InProd|x86.Build.0 = Debug|Any CPU
		{F8BB6993-25DF-4173-BB3D-ACEE15C5A2B9}.NuPackRelease|x86.ActiveCfg = Release|Any CPU
		{F8BB6993-25DF-4173-BB3D-ACEE15C5A2B9}.Release|x86.ActiveCfg = Release|Any CPU
		{F8BB6993-25DF-4173-BB3D-ACEE15C5A2B9}.Release|x86.Build.0 = Release|Any CPU
		{F8BB6993-25DF-4173-BB3D-ACEE15C5A2B9}.SquirrelDebug-InProd|x86.ActiveCfg = Debug|Any CPU
		{F8BB6993-25DF-4173-BB3D-ACEE15C5A2B9}.SquirrelDebug-InProd|x86.Build.0 = Debug|Any CPU
		{F8BB6993-25DF-4173-BB3D-ACEE15C5A2B9}.SquirrelRelease|x86.ActiveCfg = Release|Any CPU
		{F8BB6993-25DF-4173-BB3D-ACEE15C5A2B9}.SquirrelRelease|x86.Build.0 = Release|Any CPU
		{88E22B47-FCF2-489F-B70F-EB0925E8AF87}.Coverage|x86.ActiveCfg = Release|x86
		{88E22B47-FCF2-489F-B70F-EB0925E8AF87}.Debug|x86.ActiveCfg = Debug|x86
		{88E22B47-FCF2-489F-B70F-EB0925E8AF87}.Debug|x86.Build.0 = Debug|x86
		{88E22B47-FCF2-489F-B70F-EB0925E8AF87}.Debug-InProd|x86.ActiveCfg = Debug|x86
		{88E22B47-FCF2-489F-B70F-EB0925E8AF87}.Debug-InProd|x86.Build.0 = Debug|x86
		{88E22B47-FCF2-489F-B70F-EB0925E8AF87}.NuPackDebug-InProd|x86.ActiveCfg = Debug|x86
		{88E22B47-FCF2-489F-B70F-EB0925E8AF87}.NuPackDebug-InProd|x86.Build.0 = Debug|x86
		{88E22B47-FCF2-489F-B70F-EB0925E8AF87}.NuPackRelease|x86.ActiveCfg = Release|x86
		{88E22B47-FCF2-489F-B70F-EB0925E8AF87}.Release|x86.ActiveCfg = Release|x86
		{88E22B47-FCF2-489F-B70F-EB0925E8AF87}.Release|x86.Build.0 = Release|x86
		{88E22B47-FCF2-489F-B70F-EB0925E8AF87}.SquirrelDebug-InProd|x86.ActiveCfg = Debug|x86
		{88E22B47-FCF2-489F-B70F-EB0925E8AF87}.SquirrelDebug-InProd|x86.Build.0 = Debug|x86
		{88E22B47-FCF2-489F-B70F-EB0925E8AF87}.SquirrelRelease|x86.ActiveCfg = Release|x86
		{88E22B47-FCF2-489F-B70F-EB0925E8AF87}.SquirrelRelease|x86.Build.0 = Release|x86
		{CD1238DA-B610-40AD-995A-AA5A28FBBBFE}.Coverage|x86.ActiveCfg = Release|Any CPU
		{CD1238DA-B610-40AD-995A-AA5A28FBBBFE}.Coverage|x86.Build.0 = Release|Any CPU
		{CD1238DA-B610-40AD-995A-AA5A28FBBBFE}.Debug|x86.ActiveCfg = Debug|Any CPU
		{CD1238DA-B610-40AD-995A-AA5A28FBBBFE}.Debug|x86.Build.0 = Debug|Any CPU
		{CD1238DA-B610-40AD-995A-AA5A28FBBBFE}.Debug-InProd|x86.ActiveCfg = Debug|Any CPU
		{CD1238DA-B610-40AD-995A-AA5A28FBBBFE}.Debug-InProd|x86.Build.0 = Debug|Any CPU
		{CD1238DA-B610-40AD-995A-AA5A28FBBBFE}.NuPackDebug-InProd|x86.ActiveCfg = Debug|Any CPU
		{CD1238DA-B610-40AD-995A-AA5A28FBBBFE}.NuPackDebug-InProd|x86.Build.0 = Debug|Any CPU
		{CD1238DA-B610-40AD-995A-AA5A28FBBBFE}.NuPackRelease|x86.ActiveCfg = Release|Any CPU
		{CD1238DA-B610-40AD-995A-AA5A28FBBBFE}.NuPackRelease|x86.Build.0 = Release|Any CPU
		{CD1238DA-B610-40AD-995A-AA5A28FBBBFE}.Release|x86.ActiveCfg = Release|Any CPU
		{CD1238DA-B610-40AD-995A-AA5A28FBBBFE}.Release|x86.Build.0 = Release|Any CPU
		{CD1238DA-B610-40AD-995A-AA5A28FBBBFE}.SquirrelDebug-InProd|x86.ActiveCfg = Debug|Any CPU
		{CD1238DA-B610-40AD-995A-AA5A28FBBBFE}.SquirrelDebug-InProd|x86.Build.0 = Debug|Any CPU
		{CD1238DA-B610-40AD-995A-AA5A28FBBBFE}.SquirrelRelease|x86.ActiveCfg = Release|Any CPU
		{CD1238DA-B610-40AD-995A-AA5A28FBBBFE}.SquirrelRelease|x86.Build.0 = Release|Any CPU
		{7A525B88-A30F-4B3D-9294-9AD65CE68417}.Coverage|x86.ActiveCfg = Release|Any CPU
		{7A525B88-A30F-4B3D-9294-9AD65CE68417}.Coverage|x86.Build.0 = Release|Any CPU
		{7A525B88-A30F-4B3D-9294-9AD65CE68417}.Debug|x86.ActiveCfg = Debug|Any CPU
		{7A525B88-A30F-4B3D-9294-9AD65CE68417}.Debug|x86.Build.0 = Debug|Any CPU
		{7A525B88-A30F-4B3D-9294-9AD65CE68417}.Debug-InProd|x86.ActiveCfg = Debug|Any CPU
		{7A525B88-A30F-4B3D-9294-9AD65CE68417}.Debug-InProd|x86.Build.0 = Debug|Any CPU
		{7A525B88-A30F-4B3D-9294-9AD65CE68417}.NuPackDebug-InProd|x86.ActiveCfg = Debug|Any CPU
		{7A525B88-A30F-4B3D-9294-9AD65CE68417}.NuPackDebug-InProd|x86.Build.0 = Debug|Any CPU
		{7A525B88-A30F-4B3D-9294-9AD65CE68417}.NuPackRelease|x86.ActiveCfg = Release|Any CPU
		{7A525B88-A30F-4B3D-9294-9AD65CE68417}.NuPackRelease|x86.Build.0 = Release|Any CPU
		{7A525B88-A30F-4B3D-9294-9AD65CE68417}.Release|x86.ActiveCfg = Release|Any CPU
		{7A525B88-A30F-4B3D-9294-9AD65CE68417}.Release|x86.Build.0 = Release|Any CPU
		{7A525B88-A30F-4B3D-9294-9AD65CE68417}.SquirrelDebug-InProd|x86.ActiveCfg = Debug|Any CPU
		{7A525B88-A30F-4B3D-9294-9AD65CE68417}.SquirrelDebug-InProd|x86.Build.0 = Debug|Any CPU
		{7A525B88-A30F-4B3D-9294-9AD65CE68417}.SquirrelRelease|x86.ActiveCfg = Release|Any CPU
		{7A525B88-A30F-4B3D-9294-9AD65CE68417}.SquirrelRelease|x86.Build.0 = Release|Any CPU
		{677647E4-F052-41D0-915A-AD76DA72463E}.Coverage|x86.ActiveCfg = Release|Any CPU
		{677647E4-F052-41D0-915A-AD76DA72463E}.Coverage|x86.Build.0 = Release|Any CPU
		{677647E4-F052-41D0-915A-AD76DA72463E}.Debug|x86.ActiveCfg = Debug|Any CPU
		{677647E4-F052-41D0-915A-AD76DA72463E}.Debug|x86.Build.0 = Debug|Any CPU
		{677647E4-F052-41D0-915A-AD76DA72463E}.Debug-InProd|x86.ActiveCfg = Debug|Any CPU
		{677647E4-F052-41D0-915A-AD76DA72463E}.Debug-InProd|x86.Build.0 = Debug|Any CPU
		{677647E4-F052-41D0-915A-AD76DA72463E}.NuPackDebug-InProd|x86.ActiveCfg = Debug|Any CPU
		{677647E4-F052-41D0-915A-AD76DA72463E}.NuPackDebug-InProd|x86.Build.0 = Debug|Any CPU
		{677647E4-F052-41D0-915A-AD76DA72463E}.NuPackRelease|x86.ActiveCfg = Release|Any CPU
		{677647E4-F052-41D0-915A-AD76DA72463E}.NuPackRelease|x86.Build.0 = Release|Any CPU
		{677647E4-F052-41D0-915A-AD76DA72463E}.Release|x86.ActiveCfg = Release|Any CPU
		{677647E4-F052-41D0-915A-AD76DA72463E}.Release|x86.Build.0 = Release|Any CPU
		{677647E4-F052-41D0-915A-AD76DA72463E}.SquirrelDebug-InProd|x86.ActiveCfg = Debug|Any CPU
		{677647E4-F052-41D0-915A-AD76DA72463E}.SquirrelDebug-InProd|x86.Build.0 = Debug|Any CPU
		{677647E4-F052-41D0-915A-AD76DA72463E}.SquirrelRelease|x86.ActiveCfg = Release|Any CPU
		{677647E4-F052-41D0-915A-AD76DA72463E}.SquirrelRelease|x86.Build.0 = Release|Any CPU
		{7F7B4A1F-01E1-440E-89DB-08F7D1D5A128}.Coverage|x86.ActiveCfg = Release|Any CPU
		{7F7B4A1F-01E1-440E-89DB-08F7D1D5A128}.Coverage|x86.Build.0 = Release|Any CPU
		{7F7B4A1F-01E1-440E-89DB-08F7D1D5A128}.Debug|x86.ActiveCfg = Debug|Any CPU
		{7F7B4A1F-01E1-440E-89DB-08F7D1D5A128}.Debug|x86.Build.0 = Debug|Any CPU
		{7F7B4A1F-01E1-440E-89DB-08F7D1D5A128}.Debug-InProd|x86.ActiveCfg = Debug|Any CPU
		{7F7B4A1F-01E1-440E-89DB-08F7D1D5A128}.Debug-InProd|x86.Build.0 = Debug|Any CPU
		{7F7B4A1F-01E1-440E-89DB-08F7D1D5A128}.NuPackDebug-InProd|x86.ActiveCfg = Debug|Any CPU
		{7F7B4A1F-01E1-440E-89DB-08F7D1D5A128}.NuPackDebug-InProd|x86.Build.0 = Debug|Any CPU
		{7F7B4A1F-01E1-440E-89DB-08F7D1D5A128}.NuPackRelease|x86.ActiveCfg = Release|Any CPU
		{7F7B4A1F-01E1-440E-89DB-08F7D1D5A128}.NuPackRelease|x86.Build.0 = Release|Any CPU
		{7F7B4A1F-01E1-440E-89DB-08F7D1D5A128}.Release|x86.ActiveCfg = Release|Any CPU
		{7F7B4A1F-01E1-440E-89DB-08F7D1D5A128}.Release|x86.Build.0 = Release|Any CPU
		{7F7B4A1F-01E1-440E-89DB-08F7D1D5A128}.SquirrelDebug-InProd|x86.ActiveCfg = Debug|Any CPU
		{7F7B4A1F-01E1-440E-89DB-08F7D1D5A128}.SquirrelDebug-InProd|x86.Build.0 = Debug|Any CPU
		{7F7B4A1F-01E1-440E-89DB-08F7D1D5A128}.SquirrelRelease|x86.ActiveCfg = Release|Any CPU
		{7F7B4A1F-01E1-440E-89DB-08F7D1D5A128}.SquirrelRelease|x86.Build.0 = Release|Any CPU
		{A95DA3C0-54C5-4BB9-84CB-E8B69E712A62}.Coverage|x86.ActiveCfg = Release|x86
		{A95DA3C0-54C5-4BB9-84CB-E8B69E712A62}.Coverage|x86.Build.0 = Release|x86
		{A95DA3C0-54C5-4BB9-84CB-E8B69E712A62}.Debug|x86.ActiveCfg = Debug|x86
		{A95DA3C0-54C5-4BB9-84CB-E8B69E712A62}.Debug|x86.Build.0 = Debug|x86
		{A95DA3C0-54C5-4BB9-84CB-E8B69E712A62}.Debug-InProd|x86.ActiveCfg = Debug|x86
		{A95DA3C0-54C5-4BB9-84CB-E8B69E712A62}.Debug-InProd|x86.Build.0 = Debug|x86
		{A95DA3C0-54C5-4BB9-84CB-E8B69E712A62}.NuPackDebug-InProd|x86.ActiveCfg = Debug|x86
		{A95DA3C0-54C5-4BB9-84CB-E8B69E712A62}.NuPackDebug-InProd|x86.Build.0 = Debug|x86
		{A95DA3C0-54C5-4BB9-84CB-E8B69E712A62}.NuPackRelease|x86.ActiveCfg = Release|x86
		{A95DA3C0-54C5-4BB9-84CB-E8B69E712A62}.NuPackRelease|x86.Build.0 = Release|x86
		{A95DA3C0-54C5-4BB9-84CB-E8B69E712A62}.Release|x86.ActiveCfg = Release|x86
		{A95DA3C0-54C5-4BB9-84CB-E8B69E712A62}.Release|x86.Build.0 = Release|x86
		{A95DA3C0-54C5-4BB9-84CB-E8B69E712A62}.SquirrelDebug-InProd|x86.ActiveCfg = Debug|x86
		{A95DA3C0-54C5-4BB9-84CB-E8B69E712A62}.SquirrelDebug-InProd|x86.Build.0 = Debug|x86
		{A95DA3C0-54C5-4BB9-84CB-E8B69E712A62}.SquirrelRelease|x86.ActiveCfg = Release|x86
		{A95DA3C0-54C5-4BB9-84CB-E8B69E712A62}.SquirrelRelease|x86.Build.0 = Release|x86
		{298D380E-E3C0-4D34-A128-8A9D0A4BF196}.Coverage|x86.ActiveCfg = Debug|Any CPU
		{298D380E-E3C0-4D34-A128-8A9D0A4BF196}.Coverage|x86.Build.0 = Debug|Any CPU
		{298D380E-E3C0-4D34-A128-8A9D0A4BF196}.Debug|x86.ActiveCfg = Debug|Any CPU
		{298D380E-E3C0-4D34-A128-8A9D0A4BF196}.Debug|x86.Build.0 = Debug|Any CPU
		{298D380E-E3C0-4D34-A128-8A9D0A4BF196}.Debug-InProd|x86.ActiveCfg = Debug|Any CPU
		{298D380E-E3C0-4D34-A128-8A9D0A4BF196}.Debug-InProd|x86.Build.0 = Debug|Any CPU
		{298D380E-E3C0-4D34-A128-8A9D0A4BF196}.NuPackDebug-InProd|x86.ActiveCfg = Debug|Any CPU
		{298D380E-E3C0-4D34-A128-8A9D0A4BF196}.NuPackDebug-InProd|x86.Build.0 = Debug|Any CPU
		{298D380E-E3C0-4D34-A128-8A9D0A4BF196}.NuPackRelease|x86.ActiveCfg = Release|Any CPU
		{298D380E-E3C0-4D34-A128-8A9D0A4BF196}.NuPackRelease|x86.Build.0 = Release|Any CPU
		{298D380E-E3C0-4D34-A128-8A9D0A4BF196}.Release|x86.ActiveCfg = Release|Any CPU
		{298D380E-E3C0-4D34-A128-8A9D0A4BF196}.Release|x86.Build.0 = Release|Any CPU
		{298D380E-E3C0-4D34-A128-8A9D0A4BF196}.SquirrelDebug-InProd|x86.ActiveCfg = Debug|Any CPU
		{298D380E-E3C0-4D34-A128-8A9D0A4BF196}.SquirrelDebug-InProd|x86.Build.0 = Debug|Any CPU
		{298D380E-E3C0-4D34-A128-8A9D0A4BF196}.SquirrelRelease|x86.ActiveCfg = Release|Any CPU
		{298D380E-E3C0-4D34-A128-8A9D0A4BF196}.SquirrelRelease|x86.Build.0 = Release|Any CPU
		{2E3DF5C2-8A38-4A03-86D7-8D463C917E47}.Coverage|x86.ActiveCfg = Release|x86
		{2E3DF5C2-8A38-4A03-86D7-8D463C917E47}.Coverage|x86.Build.0 = Release|x86
		{2E3DF5C2-8A38-4A03-86D7-8D463C917E47}.Debug|x86.ActiveCfg = Debug|x86
		{2E3DF5C2-8A38-4A03-86D7-8D463C917E47}.Debug-InProd|x86.ActiveCfg = Debug|x86
		{2E3DF5C2-8A38-4A03-86D7-8D463C917E47}.NuPackDebug-InProd|x86.ActiveCfg = Debug|x86
		{2E3DF5C2-8A38-4A03-86D7-8D463C917E47}.NuPackRelease|x86.ActiveCfg = Release|x86
		{2E3DF5C2-8A38-4A03-86D7-8D463C917E47}.Release|x86.ActiveCfg = Release|x86
		{2E3DF5C2-8A38-4A03-86D7-8D463C917E47}.SquirrelDebug-InProd|x86.ActiveCfg = Debug|x86
		{2E3DF5C2-8A38-4A03-86D7-8D463C917E47}.SquirrelRelease|x86.ActiveCfg = Release|x86
	EndGlobalSection
	GlobalSection(SolutionProperties) = preSolution
		HideSolutionNode = FALSE
	EndGlobalSection
	GlobalSection(NestedProjects) = preSolution
		{501257D3-F788-4A5D-B990-16C01FF71926} = {052AFAF6-318D-4D7F-AAEC-3C8A5667FFBC}
		{4F65145F-6F0C-49CD-830A-A51A2A9C5F75} = {052AFAF6-318D-4D7F-AAEC-3C8A5667FFBC}
		{380A4F46-413D-49B4-884F-21C7683F093C} = {052AFAF6-318D-4D7F-AAEC-3C8A5667FFBC}
		{C57D9489-0A27-4B18-818C-7CBB379ACFD8} = {5B812C9B-64F7-45FE-8B1F-485028890647}
		{7550628D-0630-4A42-B0B7-55D26F981365} = {DF29F7E8-943F-4EC9-9EB5-5C4E27BA9AB2}
		{FD0E1BE8-BED3-4AB0-A9C8-022A2DBC8450} = {DF29F7E8-943F-4EC9-9EB5-5C4E27BA9AB2}
		{D5086D5E-84A6-4C0D-B6F2-D1B82C5FB487} = {DF29F7E8-943F-4EC9-9EB5-5C4E27BA9AB2}
		{FFFE85EF-4719-4F7F-AB5F-A63D2E184BD2} = {DF29F7E8-943F-4EC9-9EB5-5C4E27BA9AB2}
		{CC5B9485-9EF1-4133-9242-719D263700AE} = {DF29F7E8-943F-4EC9-9EB5-5C4E27BA9AB2}
		{D4EFF016-9A16-4560-8E1D-2A33D0DE399F} = {DF29F7E8-943F-4EC9-9EB5-5C4E27BA9AB2}
		{CD2988DA-B610-40AD-995A-AA5A28FBBBFE} = {943958D2-1308-4317-940F-60CAD3C74AC3}
		{FAECF9BB-9FD5-4FB1-A3A8-9F7CAA57A1FE} = {943958D2-1308-4317-940F-60CAD3C74AC3}
		{C76CFA78-F820-4F05-9429-4A3A3C9C1414} = {943958D2-1308-4317-940F-60CAD3C74AC3}
		{AA97C5AA-CA1A-4988-AE2E-E5A292B63C12} = {943958D2-1308-4317-940F-60CAD3C74AC3}
		{F8BB6993-B610-40AD-995A-AA5A28FBBBFE} = {943958D2-1308-4317-940F-60CAD3C74AC3}
		{390A9FF0-4B34-4869-AF15-7EF7960D5D56} = {943958D2-1308-4317-940F-60CAD3C74AC3}
		{1B4B5809-4108-4C73-B3FB-3A7609D97704} = {943958D2-1308-4317-940F-60CAD3C74AC3}
		{F8BB6993-25DF-4173-BB3D-ACEE15C5A2B9} = {943958D2-1308-4317-940F-60CAD3C74AC3}
		{88E22B47-FCF2-489F-B70F-EB0925E8AF87} = {943958D2-1308-4317-940F-60CAD3C74AC3}
		{CD1238DA-B610-40AD-995A-AA5A28FBBBFE} = {943958D2-1308-4317-940F-60CAD3C74AC3}
		{7A525B88-A30F-4B3D-9294-9AD65CE68417} = {943958D2-1308-4317-940F-60CAD3C74AC3}
		{677647E4-F052-41D0-915A-AD76DA72463E} = {0EAE964B-EECF-45B0-8253-5FC75792D419}
		{7F7B4A1F-01E1-440E-89DB-08F7D1D5A128} = {0EAE964B-EECF-45B0-8253-5FC75792D419}
		{A95DA3C0-54C5-4BB9-84CB-E8B69E712A62} = {0EAE964B-EECF-45B0-8253-5FC75792D419}
		{298D380E-E3C0-4D34-A128-8A9D0A4BF196} = {0EAE964B-EECF-45B0-8253-5FC75792D419}
		{2E3DF5C2-8A38-4A03-86D7-8D463C917E47} = {AD03930B-2669-40A6-B9E1-F676433684AE}
	EndGlobalSection
	GlobalSection(ExtensibilityGlobals) = postSolution
		SolutionGuid = {AF31D6F5-6E93-461B-8C5F-348439D19C6D}
	EndGlobalSection
EndGlobal
